
Microsoft Visual Studio Solution File, Format Version 12.00
# Visual Studio Version 17
VisualStudioVersion = 17.5.33516.290
MinimumVisualStudioVersion = 10.0.40219.1
Project("{FAE04EC0-301F-11D3-BF4B-00C04F79EFBC}") = "PrvaAplikacija", "PrvaAplikacija\PrvaAplikacija.csproj", "{C61E9BDA-BC43-41FA-A018-338AF030CE1E}"
EndProject
Project("{FAE04EC0-301F-11D3-BF4B-00C04F79EFBC}") = "Varijable_uvod", "Varijable_uvod\Varijable_uvod.csproj", "{9D5A6911-EA74-4C92-A26A-24BAD9B7E6CB}"
EndProject
Project("{FAE04EC0-301F-11D3-BF4B-00C04F79EFBC}") = "Varijable_brojevi", "Varijable_brojevi\Varijable_brojevi.csproj", "{D0F049CE-FD07-466B-A134-D7AB1E061271}"
EndProject
Project("{FAE04EC0-301F-11D3-BF4B-00C04F79EFBC}") = "Osobni_podaci", "Osobni_podaci\Osobni_podaci.csproj", "{96B1BDA7-F658-4903-92BB-FC08C4968D00}"
EndProject
Project("{FAE04EC0-301F-11D3-BF4B-00C04F79EFBC}") = "Varijable_pravokutnik", "Varijable_pravokutnik\Varijable_pravokutnik.csproj", "{E1C7ADA0-360C-4B35-984F-6EC7B2E4C233}"
EndProject
Project("{FAE04EC0-301F-11D3-BF4B-00C04F79EFBC}") = "Numericki_tipovi", "Numericki_tipovi\Numericki_tipovi.csproj", "{B8FC53FE-678E-42DA-A741-AA752A9F1686}"
EndProject
Project("{FAE04EC0-301F-11D3-BF4B-00C04F79EFBC}") = "Num_tipovi_pretvorbe", "Num_tipovi_pretvorbe\Num_tipovi_pretvorbe.csproj", "{5F36496D-D97D-4942-8973-40D0F31FA92E}"
EndProject
Project("{FAE04EC0-301F-11D3-BF4B-00C04F79EFBC}") = "Num_tipovi_i_hex_vrijednosti", "Num_tipovi_i_hex_vrijednosti\Num_tipovi_i_hex_vrijednosti.csproj", "{3030CEB9-48FE-45FF-964C-BE129FDAF752}"
EndProject
Project("{FAE04EC0-301F-11D3-BF4B-00C04F79EFBC}") = "Num_tipovi_dodatne_pretvorbe", "Num_tipovi_dodatne_pretvorbe\Num_tipovi_dodatne_pretvorbe.csproj", "{EBAA061B-33A2-469E-A453-7836E49D79D9}"
EndProject
Project("{FAE04EC0-301F-11D3-BF4B-00C04F79EFBC}") = "Bool_i_operatori", "Bool_i_operatori\Bool_i_operatori.csproj", "{86CE0C2D-FDB2-4330-8546-C1B5A15126D4}"
EndProject
Project("{FAE04EC0-301F-11D3-BF4B-00C04F79EFBC}") = "If_uvod", "If_uvod\If_uvod.csproj", "{445672F4-6E9F-4C6A-A95F-55B45FBCEA44}"
EndProject
Project("{FAE04EC0-301F-11D3-BF4B-00C04F79EFBC}") = "if_pozitivan_negativan", "if_pozitivan_negativan\if_pozitivan_negativan.csproj", "{7A53C0B9-1B8B-4346-B556-626B9FA69415}"
EndProject
Project("{FAE04EC0-301F-11D3-BF4B-00C04F79EFBC}") = "if_kvadratna_jednadzba", "if_kvadratna_jednadzba\if_kvadratna_jednadzba.csproj", "{77057A2B-5BA2-42E2-B650-D000D40FD312}"
EndProject
Project("{FAE04EC0-301F-11D3-BF4B-00C04F79EFBC}") = "if_upis_na_studij", "if_upis_na_studij\if_upis_na_studij.csproj", "{75D39A87-0C27-4439-929E-D8022B57706F}"
EndProject
Project("{FAE04EC0-301F-11D3-BF4B-00C04F79EFBC}") = "if_poslovanje", "if_poslovanje\if_poslovanje.csproj", "{AF9972B0-07D6-49F3-9CB1-1D1F550EF410}"
EndProject
Project("{FAE04EC0-301F-11D3-BF4B-00C04F79EFBC}") = "if_natjecanje", "if_natjecanje\if_natjecanje.csproj", "{3D227877-DD0F-4B12-8296-7AE24AED6E38}"
EndProject
Project("{FAE04EC0-301F-11D3-BF4B-00C04F79EFBC}") = "if_racunske_operacije", "if_racunske_operacije\if_racunske_operacije.csproj", "{07225719-9E0B-4AEB-BC73-7B465E6BC16E}"
EndProject
Project("{FAE04EC0-301F-11D3-BF4B-00C04F79EFBC}") = "switch_uvod", "switch_uvod\switch_uvod.csproj", "{199384DB-678F-47FB-8EA4-A075D35E67CF}"
EndProject
Project("{FAE04EC0-301F-11D3-BF4B-00C04F79EFBC}") = "switch_izracun", "switch_izracun\switch_izracun.csproj", "{23E07A31-54F3-4AA5-81E3-D6B375EAC92E}"
EndProject
Project("{FAE04EC0-301F-11D3-BF4B-00C04F79EFBC}") = "switch_samoglasnici", "switch_samoglasnici\switch_samoglasnici.csproj", "{B0258F9B-3D4B-4691-9758-5D62EA10A3B6}"
EndProject
Project("{FAE04EC0-301F-11D3-BF4B-00C04F79EFBC}") = "tekstualni_tipovi", "tekstualni_tipovi\tekstualni_tipovi.csproj", "{A9BBBC68-DB2C-4F63-B4DF-7E40EF18A452}"
EndProject
Project("{FAE04EC0-301F-11D3-BF4B-00C04F79EFBC}") = "Polja_uvod", "Polja_uvod\Polja_uvod.csproj", "{25D66561-F8E3-46AF-8CC6-64ED15D9EC0B}"
EndProject
Project("{FAE04EC0-301F-11D3-BF4B-00C04F79EFBC}") = "Kolekcije_uvod", "Kolekcije_uvod\Kolekcije_uvod.csproj", "{796A5829-2DE7-4E7F-9E83-CCCCBA793B93}"
EndProject
Project("{FAE04EC0-301F-11D3-BF4B-00C04F79EFBC}") = "Petlja_while_uvod", "Petlja_while_uvod\Petlja_while_uvod.csproj", "{285992F1-A0CA-4AD2-9700-4B10B8A962B2}"
EndProject
Project("{FAE04EC0-301F-11D3-BF4B-00C04F79EFBC}") = "Petlja_while_i_break", "Petlja_while_i_break\Petlja_while_i_break.csproj", "{C407A20E-CE44-4DB7-85F5-F5B97902AF88}"
EndProject
Project("{FAE04EC0-301F-11D3-BF4B-00C04F79EFBC}") = "Petlja_while_unos_ocjene", "Petlja_while_unos_ocjene\Petlja_while_unos_ocjene.csproj", "{3F985784-39B7-4B57-AE9C-D3DE90CA92D3}"
EndProject
Project("{FAE04EC0-301F-11D3-BF4B-00C04F79EFBC}") = "Petlja_while_brojanje_znakova", "Petlja_while_brojanje_znakova\Petlja_while_brojanje_znakova.csproj", "{9065D2C8-27A6-4D5F-8F29-79BFDE2D841F}"
EndProject
Project("{FAE04EC0-301F-11D3-BF4B-00C04F79EFBC}") = "Petlja_while_kopiranje", "Petlja_while_kopiranje\Petlja_while_kopiranje.csproj", "{356CC23E-33F2-447A-870E-C0E8D1C80560}"
EndProject
Project("{FAE04EC0-301F-11D3-BF4B-00C04F79EFBC}") = "Petlja_for_uvod", "Petlja_for_uvod\Petlja_for_uvod.csproj", "{143853AB-C522-463C-9F92-F4F8EEAB3A0E}"
EndProject
Project("{FAE04EC0-301F-11D3-BF4B-00C04F79EFBC}") = "Petlja_for_prosjek_ocjena", "Petlja_for_prosjek_ocjena\Petlja_for_prosjek_ocjena.csproj", "{21C98496-8E10-41AD-96D6-1D838FF9A177}"
EndProject
Project("{FAE04EC0-301F-11D3-BF4B-00C04F79EFBC}") = "Petlja_for_prosti_brojevi", "Petlja_for_prosti_brojevi\Petlja_for_prosti_brojevi.csproj", "{1294B8CC-FA5D-44CA-9329-10E14ADD579F}"
EndProject
Project("{FAE04EC0-301F-11D3-BF4B-00C04F79EFBC}") = "Petlja_for_beskonacne_petlje", "Petlja_for_beskonacne_petlje\Petlja_for_beskonacne_petlje.csproj", "{39EDE7FE-89C3-460F-BC0C-A767F6D3DF02}"
EndProject
Project("{FAE04EC0-301F-11D3-BF4B-00C04F79EFBC}") = "Petlja_for_piramida_brojeva", "Petlja_for_piramida_brojeva\Petlja_for_piramida_brojeva.csproj", "{51A92A1A-E351-453B-9D65-9966D601A8AF}"
EndProject
Project("{FAE04EC0-301F-11D3-BF4B-00C04F79EFBC}") = "Petlja_for_i_string_s_razmacima", "Petlja_for_i_string_s_razmacima\Petlja_for_i_string_s_razmacima.csproj", "{F5CEAD8C-4FDE-4EE7-925D-61EBB7A6DDA4}"
EndProject
Project("{FAE04EC0-301F-11D3-BF4B-00C04F79EFBC}") = "Petlja_for_neparni_brojevi", "Petlja_for_neparni_brojevi\Petlja_for_neparni_brojevi.csproj", "{227C6C85-A6DF-4400-ACD0-9C99CBFED246}"
EndProject
Project("{FAE04EC0-301F-11D3-BF4B-00C04F79EFBC}") = "Petlja_foreach_uvod", "Petlja_foreach_uvod\Petlja_foreach_uvod.csproj", "{714DCC74-6EEF-4AB2-BAC7-80A171948386}"
EndProject
Project("{FAE04EC0-301F-11D3-BF4B-00C04F79EFBC}") = "Petlja_foreach_protiv_petlje_for", "Petlja_foreach_protiv_petlje_for\Petlja_foreach_protiv_petlje_for.csproj", "{0B796E61-7322-4430-BBF2-481CB9B42D41}"
EndProject
Project("{FAE04EC0-301F-11D3-BF4B-00C04F79EFBC}") = "Petlja_foreach_usporedba_stringova", "Petlja_foreach_usporedba_stringova\Petlja_foreach_usporedba_stringova.csproj", "{F46A4652-85A4-4F6E-9EB6-BB7950B50B7E}"
EndProject
Project("{FAE04EC0-301F-11D3-BF4B-00C04F79EFBC}") = "Petlja_foreach_brojanje_slova_u_recenici", "Petlja_foreach_brojanje_slova_u_recenici\Petlja_foreach_brojanje_slova_u_recenici.csproj", "{BC1BE449-1492-419A-AFB5-28DEE85B8273}"
EndProject
Project("{FAE04EC0-301F-11D3-BF4B-00C04F79EFBC}") = "Petlja_foreach_znakovi_u_svaki_red", "Petlja_foreach_znakovi_u_svaki_red\Petlja_foreach_znakovi_u_svaki_red.csproj", "{5155A093-515B-4C08-BC24-A61DD67D62F8}"
EndProject
Project("{FAE04EC0-301F-11D3-BF4B-00C04F79EFBC}") = "Petlja_foreach_izlazak", "Petlja_foreach_izlazak\Petlja_foreach_izlazak.csproj", "{7987173F-922F-42AB-A06D-39E7B1E73C04}"
EndProject
Project("{FAE04EC0-301F-11D3-BF4B-00C04F79EFBC}") = "Metode_uvod", "Metode_uvod\Metode_uvod.csproj", "{436FF480-0C5A-4814-91C1-1D86B8C99FD2}"
EndProject
Project("{FAE04EC0-301F-11D3-BF4B-00C04F79EFBC}") = "Metoda_brojanje_razmaka", "Metoda_brojanje_razmaka\Metoda_brojanje_razmaka.csproj", "{55DBA9C4-5674-46A8-939E-6C56FBDA612E}"
EndProject
Project("{FAE04EC0-301F-11D3-BF4B-00C04F79EFBC}") = "Metode_overloading", "Metode_overloading\Metode_overloading.csproj", "{3FB6057D-6FD0-46CD-9576-02C2767856E9}"
EndProject
Project("{FAE04EC0-301F-11D3-BF4B-00C04F79EFBC}") = "Metode_i_nizovi", "Metode_i_nizovi\Metode_i_nizovi.csproj", "{FDCC61CB-72B1-4EDD-9A5D-7E5792B58F86}"
EndProject
Project("{FAE04EC0-301F-11D3-BF4B-00C04F79EFBC}") = "Metode_i_kolekcije", "Metode_i_kolekcije\Metode_i_kolekcije.csproj", "{E8D516B2-B771-463C-B418-69E5DD0BA179}"
EndProject
Project("{FAE04EC0-301F-11D3-BF4B-00C04F79EFBC}") = "Metode_min_max", "Metode_min_max\Metode_min_max.csproj", "{677C20A1-9099-418B-8F3A-D2971E4852F1}"
EndProject
Project("{FAE04EC0-301F-11D3-BF4B-00C04F79EFBC}") = "Metode_provjera_prostih_brojeva", "Metode_provjera_prostih_brojeva\Metode_provjera_prostih_brojeva.csproj", "{F8899705-C056-4860-8F59-F728D18ACE27}"
EndProject
Project("{FAE04EC0-301F-11D3-BF4B-00C04F79EFBC}") = "Metode_rekurzija_palindrom", "Metode_rekurzija_palindrom\Metode_rekurzija_palindrom.csproj", "{AD150FD3-6B3B-4CDC-BA45-FBABF1E6EEB0}"
EndProject
Project("{FAE04EC0-301F-11D3-BF4B-00C04F79EFBC}") = "Metode_rekurzija_faktorijele", "Metode_rekurzija_faktorijele\Metode_rekurzija_faktorijele.csproj", "{2F652F7B-158F-4810-8495-3B4297E2B56F}"
EndProject
Project("{FAE04EC0-301F-11D3-BF4B-00C04F79EFBC}") = "Metoda_rekurzije_fibbonachi", "Metoda_rekurzije_fibbonachi\Metoda_rekurzije_fibbonachi.csproj", "{577348C4-2842-4A84-A5F7-A0C9F1277A39}"
EndProject
Project("{FAE04EC0-301F-11D3-BF4B-00C04F79EFBC}") = "Metode_suma_znamenki", "Metode_suma_znamenki\Metode_suma_znamenki.csproj", "{E988165C-7C6E-427B-B6F1-219B3929C37C}"
EndProject
Project("{FAE04EC0-301F-11D3-BF4B-00C04F79EFBC}") = "Klase_uvod", "Klase_uvod\Klase_uvod.csproj", "{BAC49B55-56EC-4134-87F4-374FD41F6E75}"
EndProject
Project("{FAE04EC0-301F-11D3-BF4B-00C04F79EFBC}") = "Klase_i_svojstva", "Klase_i_svojstva\Klase_i_svojstva.csproj", "{5F24CB69-7F6C-47D8-9768-D752C1B5AE62}"
EndProject
Project("{FAE04EC0-301F-11D3-BF4B-00C04F79EFBC}") = "Klase_i_konstruktori", "Klase_i_konstruktori\Klase_i_konstruktori.csproj", "{D19E2ECD-B9AA-4179-8E0E-F98252063C6A}"
EndProject
Project("{FAE04EC0-301F-11D3-BF4B-00C04F79EFBC}") = "Klase_static", "Klase_static\Klase_static.csproj", "{FBA34470-A5CC-4BD1-BE06-673ABB977904}"
EndProject
Project("{FAE04EC0-301F-11D3-BF4B-00C04F79EFBC}") = "Klase_i_nasumicne_poruke", "Klase_i_nasumicne_poruke\Klase_i_nasumicne_poruke.csproj", "{00B175ED-5506-44C2-BF22-6DD2C3D0E622}"
EndProject
Project("{FAE04EC0-301F-11D3-BF4B-00C04F79EFBC}") = "Klase_i_radni_dani_u_godini", "Klase_i_radni_dani_u_godini\Klase_i_radni_dani_u_godini.csproj", "{9B33E6B2-DC88-4BF7-B963-D73427248595}"
EndProject
Project("{FAE04EC0-301F-11D3-BF4B-00C04F79EFBC}") = "Klase_rekurzija_i_permutacije", "Klase_rekurzija_i_permutacije\Klase_rekurzija_i_permutacije.csproj", "{7F6271A3-2FE3-4C40-8C0F-CAC92B5028F4}"
EndProject
Project("{FAE04EC0-301F-11D3-BF4B-00C04F79EFBC}") = "Modifikator_pristupa_public", "Modifikator_pristupa_public\Modifikator_pristupa_public.csproj", "{21A60A28-A22C-4E7E-8839-8954D54D647C}"
EndProject
Project("{FAE04EC0-301F-11D3-BF4B-00C04F79EFBC}") = "Modifikator_pristupa_private", "Modifikator_pristupa_private\Modifikator_pristupa_private.csproj", "{300E3279-BBBE-42F2-885F-807459B9E8C7}"
EndProject
Project("{FAE04EC0-301F-11D3-BF4B-00C04F79EFBC}") = "Modifikator_pristupa_protected", "Modifikator_pristupa_protected\Modifikator_pristupa_protected.csproj", "{3C71CF51-4EC9-4F33-A150-5BA602A90DD7}"
EndProject
Project("{FAE04EC0-301F-11D3-BF4B-00C04F79EFBC}") = "Modifikator_pristupa_internal", "Modifikator_pristupa_internal\Modifikator_pristupa_internal.csproj", "{165C6B72-F669-4985-B14D-A83360F4A380}"
EndProject
Project("{FAE04EC0-301F-11D3-BF4B-00C04F79EFBC}") = "Modifikator_pristupa_private_protected", "Modifikator_pristupa_private_protected\Modifikator_pristupa_private_protected.csproj", "{C7A7FEEB-D7A4-4E4C-B118-0DB36B082F6E}"
EndProject
Project("{FAE04EC0-301F-11D3-BF4B-00C04F79EFBC}") = "Modifikator_pristupa_protected_internal", "Modifikator_pristupa_protected_internal\Modifikator_pristupa_protected_internal.csproj", "{C07F4B1C-D337-4D6C-8A22-6021382E471D}"
EndProject
Project("{FAE04EC0-301F-11D3-BF4B-00C04F79EFBC}") = "Nasljedjivanje_todo_lista", "Nasljedjivanje_todo_lista\Nasljedjivanje_todo_lista.csproj", "{3F0AE84C-2067-45F4-9C42-7DD772C43ECB}"
EndProject
Project("{FAE04EC0-301F-11D3-BF4B-00C04F79EFBC}") = "Nasljedjivanje_geometrija", "Nasljedjivanje_geometrija\Nasljedjivanje_geometrija.csproj", "{22DDAC95-C4D0-43B1-ABD3-79F963CCB7B0}"
EndProject
Project("{FAE04EC0-301F-11D3-BF4B-00C04F79EFBC}") = "Nasljedjivanje_abstraktne_klase", "Nasljedjivanje_abstraktne_klase\Nasljedjivanje_abstraktne_klase.csproj", "{5AB34B24-6463-4AB8-9FC1-31E1416199AD}"
EndProject
Project("{FAE04EC0-301F-11D3-BF4B-00C04F79EFBC}") = "Nasljedjivanje_zivotinja", "Nasljedjivanje_zivotinja\Nasljedjivanje_zivotinja.csproj", "{63679086-9556-4D29-AF17-64B2547DCA9E}"
EndProject
Project("{FAE04EC0-301F-11D3-BF4B-00C04F79EFBC}") = "Sucelja_uvod", "Sucelja_uvod\Sucelja_uvod.csproj", "{E2B6D6B6-E395-4F12-8183-41134F649A15}"
EndProject
Project("{FAE04EC0-301F-11D3-BF4B-00C04F79EFBC}") = "Sucelja_racun_banke", "Sucelja_racun_banke\Sucelja_racun_banke.csproj", "{8BC928B2-1060-42F2-859C-F3872D77C70F}"
EndProject
Project("{FAE04EC0-301F-11D3-BF4B-00C04F79EFBC}") = "Enumeracije_uvod", "Enumeracije_uvod\Enumeracije_uvod.csproj", "{3EFE55FF-A6BA-47BF-B029-BDEE50970285}"
EndProject
Project("{FAE04EC0-301F-11D3-BF4B-00C04F79EFBC}") = "Enumeracije_godisnja_doba", "Enumeracije_godisnja_doba\Enumeracije_godisnja_doba.csproj", "{EBFAE1A9-8507-4642-996D-35B784263409}"
EndProject
Project("{FAE04EC0-301F-11D3-BF4B-00C04F79EFBC}") = "Enumeracije_petlje", "Enumeracije_petlje\Enumeracije_petlje.csproj", "{DBBBCD28-69A2-4392-A874-C48B203180EF}"
EndProject
Project("{FAE04EC0-301F-11D3-BF4B-00C04F79EFBC}") = "Enumeracije_switch", "Enumeracije_switch\Enumeracije_switch.csproj", "{1AD0FB13-7099-4759-ABDB-7E780B7773F2}"
EndProject
Project("{FAE04EC0-301F-11D3-BF4B-00C04F79EFBC}") = "PrvaForma", "PrvaForma\PrvaForma.csproj", "{2431C1E4-DA6F-4BEB-8A82-B1DF8F9D2D4E}"
EndProject
Project("{FAE04EC0-301F-11D3-BF4B-00C04F79EFBC}") = "Delegati_primjer", "Delegati_primjer\Delegati_primjer.csproj", "{3E5F1931-D1EE-4477-BF6F-4D31C471567F}"
EndProject
Project("{FAE04EC0-301F-11D3-BF4B-00C04F79EFBC}") = "Delegat_kao_parametar", "Delegat_kao_parametar\Delegat_kao_parametar.csproj", "{8BF9C712-AA14-4F83-947F-A8F14E0310A8}"
EndProject
Project("{FAE04EC0-301F-11D3-BF4B-00C04F79EFBC}") = "Delegati_multicast", "Delegati_multicast\Delegati_multicast.csproj", "{8E7CDFA2-FC2C-4532-BB1E-41A2BC48F882}"
EndProject
Project("{FAE04EC0-301F-11D3-BF4B-00C04F79EFBC}") = "Delegati_multicast_povrat", "Delegati_multicast_povrat\Delegati_multicast_povrat.csproj", "{4DCDD1BD-C378-48DE-B687-B1E5936D94F5}"
EndProject
Project("{FAE04EC0-301F-11D3-BF4B-00C04F79EFBC}") = "Delegati_genericki", "Delegati_genericki\Delegati_genericki.csproj", "{08EC600C-0BE1-4F55-B945-ECCCBF5D9F54}"
EndProject
Project("{FAE04EC0-301F-11D3-BF4B-00C04F79EFBC}") = "Delegati_provjera_korisnika", "Delegati_provjera_korisnika\Delegati_provjera_korisnika.csproj", "{391EF22A-C84A-400E-990D-B6E6039E0C2C}"
EndProject
Project("{FAE04EC0-301F-11D3-BF4B-00C04F79EFBC}") = "Dogadjaji_primjer", "Dogadjaji_primjer\Dogadjaji_primjer.csproj", "{7B9196D7-BE8B-4DEE-BA0D-A7ABEFB9EDCC}"
EndProject
Project("{FAE04EC0-301F-11D3-BF4B-00C04F79EFBC}") = "Dogadjaji_s_ugradjenim_delegatima", "Dogadjaji_s_ugradjenim_delegatima\Dogadjaji_s_ugradjenim_delegatima.csproj", "{2538FE10-DA26-4C7C-8E31-048B1DE3199E}"
EndProject
Project("{FAE04EC0-301F-11D3-BF4B-00C04F79EFBC}") = "Dogadjaji_i_proslijedjivanje_podataka", "Dogadjaji_i_proslijedjivanje_podataka\Dogadjaji_i_proslijedjivanje_podataka.csproj", "{6E8F1753-F564-48A5-A463-F2E334D1B09E}"
EndProject
Project("{FAE04EC0-301F-11D3-BF4B-00C04F79EFBC}") = "Dogadjaji_s_prilagodjenim_klasama", "Dogadjaji_s_prilagodjenim_klasama\Dogadjaji_s_prilagodjenim_klasama.csproj", "{3BC7F22E-3F96-431F-BB7A-60E44C7867A0}"
EndProject
Project("{FAE04EC0-301F-11D3-BF4B-00C04F79EFBC}") = "Dogadjaji_jednostavni", "Dogadjaji_jednostavni\Dogadjaji_jednostavni.csproj", "{92F9F74B-E48E-4203-A563-043B249E9203}"
EndProject
Project("{FAE04EC0-301F-11D3-BF4B-00C04F79EFBC}") = "Dogadjaji_na_klik", "Dogadjaji_na_klik\Dogadjaji_na_klik.csproj", "{CB3F44CB-6CB9-4309-BBCA-A68F0AB6D1C4}"
EndProject
Project("{FAE04EC0-301F-11D3-BF4B-00C04F79EFBC}") = "Nullabilni_tipovi_primjer", "Nullabilni_tipovi_primjer\Nullabilni_tipovi_primjer.csproj", "{C83C3065-A2BA-4E82-AE44-1B1B5673B2C3}"
EndProject
Project("{FAE04EC0-301F-11D3-BF4B-00C04F79EFBC}") = "Nullabilni_tipovi_kratice", "Nullabilni_tipovi_kratice\Nullabilni_tipovi_kratice.csproj", "{A4C56F67-C4B0-4F8A-909B-772C76BFBA9E}"
EndProject
Project("{FAE04EC0-301F-11D3-BF4B-00C04F79EFBC}") = "Nullabilni_tipovi_s_uvjetima", "Nullabilni_tipovi_s_uvjetima\Nullabilni_tipovi_s_uvjetima.csproj", "{B6CBE96F-5D7F-40E8-81A5-5BC34A05A4FA}"
EndProject
Project("{FAE04EC0-301F-11D3-BF4B-00C04F79EFBC}") = "Lambda_izraz_primjer", "Lambda_izraz_primjer\Lambda_izraz_primjer.csproj", "{D9194E3D-0ED9-4993-B17D-B0C1E4BD38C8}"
EndProject
Project("{FAE04EC0-301F-11D3-BF4B-00C04F79EFBC}") = "Lambda_izrazi_sa_svojstvima_klase", "Lambda_izrazi_sa_svojstvima_klase\Lambda_izrazi_sa_svojstvima_klase.csproj", "{8B7FE36C-BB79-4CED-8DDD-DE7633E745D7}"
EndProject
Project("{FAE04EC0-301F-11D3-BF4B-00C04F79EFBC}") = "Lambda_izrazi_i_uvjeti", "Lambda_izrazi_i_uvjeti\Lambda_izrazi_i_uvjeti.csproj", "{5F53ED68-FD55-4CE6-8F81-F169665608B8}"
EndProject
Project("{FAE04EC0-301F-11D3-BF4B-00C04F79EFBC}") = "Lambda_izrazi_i_polja", "Lambda_izrazi_i_polja\Lambda_izrazi_i_polja.csproj", "{A5F00EE0-A754-40E8-AF12-6D1A536C66D7}"
EndProject
Project("{FAE04EC0-301F-11D3-BF4B-00C04F79EFBC}") = "Lambda_izrazi_i_anonimne_metode", "Lambda_izrazi_i_anonimne_metode\Lambda_izrazi_i_anonimne_metode.csproj", "{4BBBCF9D-916D-4107-8E85-A7F982D82C3B}"
EndProject
Project("{FAE04EC0-301F-11D3-BF4B-00C04F79EFBC}") = "Lambda_izrazi_s_metodama", "Lambda_izrazi_s_metodama\Lambda_izrazi_s_metodama.csproj", "{A4A4A33B-8B4F-44C3-89BB-88C69D8CF2D1}"
EndProject
Project("{FAE04EC0-301F-11D3-BF4B-00C04F79EFBC}") = "Lambda_izrazi_greske", "Lambda_izrazi_greske\Lambda_izrazi_greske.csproj", "{C2824DD1-2890-45A2-8241-10BB433593AD}"
EndProject
Project("{FAE04EC0-301F-11D3-BF4B-00C04F79EFBC}") = "Lambda_izrazi_protiv_delegata", "Lambda_izrazi_protiv_delegata\Lambda_izrazi_protiv_delegata.csproj", "{BB09C2D7-501D-4740-8319-7E488DED659F}"
EndProject
Project("{FAE04EC0-301F-11D3-BF4B-00C04F79EFBC}") = "Iznimke_primjer", "Iznimke_primjer\Iznimke_primjer.csproj", "{1A4CC45F-4EE9-44A5-98B8-BAF053A97026}"
EndProject
Project("{FAE04EC0-301F-11D3-BF4B-00C04F79EFBC}") = "Iznimke_korisnicki_definirane_USEFUL", "Iznimke_korisnicki_definirane\Iznimke_korisnicki_definirane_USEFUL.csproj", "{6B163B96-D41B-4217-BE3B-FBF2620BEFD0}"
EndProject
Project("{FAE04EC0-301F-11D3-BF4B-00C04F79EFBC}") = "Iznimke_jednostavne", "Iznimke_jednostavne\Iznimke_jednostavne.csproj", "{40BB9FBD-4AB4-4A9E-8FDD-79FA29104D9B}"
EndProject
Project("{FAE04EC0-301F-11D3-BF4B-00C04F79EFBC}") = "Iznimke_filtriranje", "Iznimke_filtriranje\Iznimke_filtriranje.csproj", "{627B250C-17D2-4BE7-85A9-3A381E18818C}"
EndProject
Project("{FAE04EC0-301F-11D3-BF4B-00C04F79EFBC}") = "Iznimke_ugnjezdjivanje", "Iznimke_ugnjezdjivanje\Iznimke_ugnjezdjivanje.csproj", "{EE1D0855-4E76-468F-BB87-F8A45C061B09}"
EndProject
Project("{FAE04EC0-301F-11D3-BF4B-00C04F79EFBC}") = "Iznimke_nad_rac_operacijama", "Iznimke_nad_rac_operacijama\Iznimke_nad_rac_operacijama.csproj", "{0D7BC58F-5C14-4C3E-9F82-970A639D8A97}"
EndProject
Project("{FAE04EC0-301F-11D3-BF4B-00C04F79EFBC}") = "Iznimke_datoteke", "Iznimke_datoteke\Iznimke_datoteke.csproj", "{DC77360C-B4AE-4931-9A69-87054DBF9219}"
EndProject
Project("{FAE04EC0-301F-11D3-BF4B-00C04F79EFBC}") = "Anonimni_tipovi_primjer", "Anonimni_tipovi_primjer\Anonimni_tipovi_primjer.csproj", "{0D96E6CE-BAC8-4D66-8694-8AC37931156F}"
EndProject
Project("{FAE04EC0-301F-11D3-BF4B-00C04F79EFBC}") = "Anonimne_metode_primjer", "Anonimne_metode_primjer\Anonimne_metode_primjer.csproj", "{21CC1D24-794C-4BBF-8E8E-21BBA857968E}"
EndProject
Project("{FAE04EC0-301F-11D3-BF4B-00C04F79EFBC}") = "Anonimne_metode_i_delegati", "Anonimne_metode_i_delegati\Anonimne_metode_i_delegati.csproj", "{D53BDEC5-9385-4A93-AC69-560648AB217A}"
EndProject
Project("{FAE04EC0-301F-11D3-BF4B-00C04F79EFBC}") = "Anonimne_metode_i_izmjena_brojeva", "Anonimne_metode_i_izmjena_brojeva\Anonimne_metode_i_izmjena_brojeva.csproj", "{84CE62A4-0F0A-4C5B-BEA1-F62520F8FD20}"
EndProject
Project("{FAE04EC0-301F-11D3-BF4B-00C04F79EFBC}") = "Anonimne_metode_i_vanjske_varijable", "Anonimne_metode_i_vanjske_varijable\Anonimne_metode_i_vanjske_varijable.csproj", "{044A0CD0-F6CB-437E-A561-2FD46E34D7A7}"
EndProject
Project("{FAE04EC0-301F-11D3-BF4B-00C04F79EFBC}") = "Extension_methods_primjer", "Extension_methods_primjer\Extension_methods_primjer.csproj", "{4D226E10-0027-486E-8231-AFC59B14BBDB}"
EndProject
Project("{FAE04EC0-301F-11D3-BF4B-00C04F79EFBC}") = "Extension_methods.Library", "Extension_methods.Library\Extension_methods.Library.csproj", "{8D990B98-AD33-4BFC-BF27-DB4F697A1C4C}"
EndProject
Project("{FAE04EC0-301F-11D3-BF4B-00C04F79EFBC}") = "Extension_methods.Konzola", "Extension_methods.Konzola\Extension_methods.Konzola.csproj", "{ED80B764-CE7F-4DD5-89BE-8898496940F4}"
EndProject
Project("{FAE04EC0-301F-11D3-BF4B-00C04F79EFBC}") = "Serializacija_primjer_USEFUL", "Serializacija_primjer\Serializacija_primjer_USEFUL.csproj", "{D2E2226F-4920-440D-83A6-F3DA4656B822}"
EndProject
Project("{FAE04EC0-301F-11D3-BF4B-00C04F79EFBC}") = "Serijalizacija_dodatni_primjer", "Serijalizacija_dodatni_primjer\Serijalizacija_dodatni_primjer.csproj", "{4DDC3B10-664F-4DF7-B849-D267FF05D594}"
EndProject
Project("{FAE04EC0-301F-11D3-BF4B-00C04F79EFBC}") = "Serijalizacija.Library", "Serijalizacija.Library\Serijalizacija.Library.csproj", "{166BEAD9-A9F7-4E19-94C9-27133013A8E6}"
EndProject
Project("{FAE04EC0-301F-11D3-BF4B-00C04F79EFBC}") = "Serijalizacija.Konzola", "Serijalizacija.Konzola\Serijalizacija.Konzola.csproj", "{66753DF4-5A21-4815-90A7-8FB510959A4B}"
EndProject
Project("{FAE04EC0-301F-11D3-BF4B-00C04F79EFBC}") = "Sucelja_za_ferrari", "Sucelja_za_ferrari\Sucelja_za_ferrari.csproj", "{FB9C96D9-0170-4D73-90B7-640E401606BF}"
EndProject
Project("{FAE04EC0-301F-11D3-BF4B-00C04F79EFBC}") = "Kolekcije_i_hijerarhija", "Kolekcije_i_hijerarhija\Kolekcije_i_hijerarhija.csproj", "{BCBCB96E-937F-4D05-AA18-B3F6B172C37E}"
EndProject
Project("{FAE04EC0-301F-11D3-BF4B-00C04F79EFBC}") = "Sucelja_i_logika_jednakosti", "Sucelja_i_logika_jednakosti\Sucelja_i_logika_jednakosti.csproj", "{86761A21-0F68-4297-B9EF-17F8E4D4031A}"
EndProject
Project("{FAE04EC0-301F-11D3-BF4B-00C04F79EFBC}") = "Kolekcije_slijed_s_redom", "Kolekcije_slijed_s_redom\Kolekcije_slijed_s_redom.csproj", "{49BB1727-7018-4387-9F7E-A4B4D094F1B5}"
EndProject
Project("{FAE04EC0-301F-11D3-BF4B-00C04F79EFBC}") = "Eksplicitna_ali_explicitna", "Eksplicitna_ali_explicitna\Eksplicitna_ali_explicitna.csproj", "{06B7E4C2-311C-4EEC-999F-1598F05B0C31}"
EndProject
Project("{FAE04EC0-301F-11D3-BF4B-00C04F79EFBC}") = "Kolekcije_i_najveci_element", "Kolekcije_i_najveci_element\Kolekcije_i_najveci_element.csproj", "{8082ECEC-6EFF-49A8-9E63-6FE9F4AC338F}"
EndProject
Project("{FAE04EC0-301F-11D3-BF4B-00C04F79EFBC}") = "Kolekcije_vrste", "Kolekcije_vrste\Kolekcije_vrste.csproj", "{5003690C-24D7-43C3-B9BC-C498F4B131F9}"
EndProject
Project("{FAE04EC0-301F-11D3-BF4B-00C04F79EFBC}") = "Iznimke_s_uvjetom", "Iznimke_s_uvjetom\Iznimke_s_uvjetom.csproj", "{9531DA40-C9ED-4649-BB69-866F5BAB4835}"
EndProject
Project("{FAE04EC0-301F-11D3-BF4B-00C04F79EFBC}") = "LINQ_uvodno", "LINQ_uvodno\LINQ_uvodno.csproj", "{89262A26-45A1-4E07-AB6A-7DB4196D4BD6}"
EndProject
Project("{FAE04EC0-301F-11D3-BF4B-00C04F79EFBC}") = "LINQ_sintaksa", "LINQ_sintaksa\LINQ_sintaksa.csproj", "{523F5DDE-BBFA-481E-9BBA-5EB0E5BCF0AE}"
EndProject
Project("{FAE04EC0-301F-11D3-BF4B-00C04F79EFBC}") = "LINQ_querry_sintaks", "LINQ_querry_sintaks\LINQ_querry_sintaks.csproj", "{26F9C6E6-C74C-406A-9F44-29A2CA1CD32F}"
EndProject
Project("{FAE04EC0-301F-11D3-BF4B-00C04F79EFBC}") = "LINQ_method_syntax", "LINQ_method_syntax\LINQ_method_syntax.csproj", "{E39B9091-BC00-4F90-93D6-A5ED3DEE6B4B}"
EndProject
Project("{FAE04EC0-301F-11D3-BF4B-00C04F79EFBC}") = "LINQ_dani_u_tjednu", "LINQ_dani_u_tjednu\LINQ_dani_u_tjednu.csproj", "{AC4988B0-98C3-45D3-AC80-3ABF08DE2949}"
EndProject
Project("{FAE04EC0-301F-11D3-BF4B-00C04F79EFBC}") = "LINQ_provjeri_znakove", "LINQ_provjeri_znakove\LINQ_provjeri_znakove.csproj", "{7E2BEDB6-AA14-471D-BC70-7E9D7258EFBF}"
EndProject
Project("{FAE04EC0-301F-11D3-BF4B-00C04F79EFBC}") = "LINQ_pronalazak_vecih_brojeva", "LINQ_pronalazak_vecih_brojeva\LINQ_pronalazak_vecih_brojeva.csproj", "{4CDCFE59-F19D-4025-AC79-B25EE8CABFB3}"
EndProject
Project("{FAE04EC0-301F-11D3-BF4B-00C04F79EFBC}") = "LINQ_to_SQL_uvod", "LINQ_to_SQL_uvod\LINQ_to_SQL_uvod.csproj", "{B8F474A6-7999-4BFB-84AB-7172748F53D8}"
EndProject
Project("{FAE04EC0-301F-11D3-BF4B-00C04F79EFBC}") = "LINQ_where", "LINQ_where\LINQ_where.csproj", "{428987D8-508D-44CE-8DC7-BE4AFE70E1B4}"
EndProject
Project("{FAE04EC0-301F-11D3-BF4B-00C04F79EFBC}") = "LINQ_ofType", "LINQ_ofType\LINQ_ofType.csproj", "{E75A4D55-EE42-42BC-8623-10762952F57C}"
EndProject
Project("{FAE04EC0-301F-11D3-BF4B-00C04F79EFBC}") = "LINQ_order_by", "LINQ_order_by\LINQ_order_by.csproj", "{A4D04765-2900-422D-9C50-A8F2E6D7D152}"
EndProject
Project("{FAE04EC0-301F-11D3-BF4B-00C04F79EFBC}") = "LINQ_then_by", "LINQ_then_by\LINQ_then_by.csproj", "{929593D2-42EF-4179-8B43-3B5F738EEEF3}"
EndProject
Project("{FAE04EC0-301F-11D3-BF4B-00C04F79EFBC}") = "LINQ_Group_i_lookup", "LINQ_Group_i_lookup\LINQ_Group_i_lookup.csproj", "{4FEE23ED-67CF-4CCE-86EE-3208F61460A2}"
EndProject
Project("{FAE04EC0-301F-11D3-BF4B-00C04F79EFBC}") = "LINQ_join", "LINQ_join\LINQ_join.csproj", "{0ADF69B6-4357-4C16-A886-7B7FAB7848D6}"
EndProject
Project("{FAE04EC0-301F-11D3-BF4B-00C04F79EFBC}") = "LINQ_group_join", "LINQ_group_join\LINQ_group_join.csproj", "{FEDC04D9-77ED-4297-A34A-567AC63CD501}"
EndProject
Project("{FAE04EC0-301F-11D3-BF4B-00C04F79EFBC}") = "LINQ_select", "LINQ_select\LINQ_select.csproj", "{32F2AA67-E30F-4B8D-8ED8-FEAA4A73F77B}"
EndProject
Global
	GlobalSection(SolutionConfigurationPlatforms) = preSolution
		Debug|Any CPU = Debug|Any CPU
		Release|Any CPU = Release|Any CPU
	EndGlobalSection
	GlobalSection(ProjectConfigurationPlatforms) = postSolution
		{C61E9BDA-BC43-41FA-A018-338AF030CE1E}.Debug|Any CPU.ActiveCfg = Debug|Any CPU
		{C61E9BDA-BC43-41FA-A018-338AF030CE1E}.Debug|Any CPU.Build.0 = Debug|Any CPU
		{C61E9BDA-BC43-41FA-A018-338AF030CE1E}.Release|Any CPU.ActiveCfg = Release|Any CPU
		{C61E9BDA-BC43-41FA-A018-338AF030CE1E}.Release|Any CPU.Build.0 = Release|Any CPU
		{9D5A6911-EA74-4C92-A26A-24BAD9B7E6CB}.Debug|Any CPU.ActiveCfg = Debug|Any CPU
		{9D5A6911-EA74-4C92-A26A-24BAD9B7E6CB}.Debug|Any CPU.Build.0 = Debug|Any CPU
		{9D5A6911-EA74-4C92-A26A-24BAD9B7E6CB}.Release|Any CPU.ActiveCfg = Release|Any CPU
		{9D5A6911-EA74-4C92-A26A-24BAD9B7E6CB}.Release|Any CPU.Build.0 = Release|Any CPU
		{D0F049CE-FD07-466B-A134-D7AB1E061271}.Debug|Any CPU.ActiveCfg = Debug|Any CPU
		{D0F049CE-FD07-466B-A134-D7AB1E061271}.Debug|Any CPU.Build.0 = Debug|Any CPU
		{D0F049CE-FD07-466B-A134-D7AB1E061271}.Release|Any CPU.ActiveCfg = Release|Any CPU
		{D0F049CE-FD07-466B-A134-D7AB1E061271}.Release|Any CPU.Build.0 = Release|Any CPU
		{96B1BDA7-F658-4903-92BB-FC08C4968D00}.Debug|Any CPU.ActiveCfg = Debug|Any CPU
		{96B1BDA7-F658-4903-92BB-FC08C4968D00}.Debug|Any CPU.Build.0 = Debug|Any CPU
		{96B1BDA7-F658-4903-92BB-FC08C4968D00}.Release|Any CPU.ActiveCfg = Release|Any CPU
		{96B1BDA7-F658-4903-92BB-FC08C4968D00}.Release|Any CPU.Build.0 = Release|Any CPU
		{E1C7ADA0-360C-4B35-984F-6EC7B2E4C233}.Debug|Any CPU.ActiveCfg = Debug|Any CPU
		{E1C7ADA0-360C-4B35-984F-6EC7B2E4C233}.Debug|Any CPU.Build.0 = Debug|Any CPU
		{E1C7ADA0-360C-4B35-984F-6EC7B2E4C233}.Release|Any CPU.ActiveCfg = Release|Any CPU
		{E1C7ADA0-360C-4B35-984F-6EC7B2E4C233}.Release|Any CPU.Build.0 = Release|Any CPU
		{B8FC53FE-678E-42DA-A741-AA752A9F1686}.Debug|Any CPU.ActiveCfg = Debug|Any CPU
		{B8FC53FE-678E-42DA-A741-AA752A9F1686}.Debug|Any CPU.Build.0 = Debug|Any CPU
		{B8FC53FE-678E-42DA-A741-AA752A9F1686}.Release|Any CPU.ActiveCfg = Release|Any CPU
		{B8FC53FE-678E-42DA-A741-AA752A9F1686}.Release|Any CPU.Build.0 = Release|Any CPU
		{5F36496D-D97D-4942-8973-40D0F31FA92E}.Debug|Any CPU.ActiveCfg = Debug|Any CPU
		{5F36496D-D97D-4942-8973-40D0F31FA92E}.Debug|Any CPU.Build.0 = Debug|Any CPU
		{5F36496D-D97D-4942-8973-40D0F31FA92E}.Release|Any CPU.ActiveCfg = Release|Any CPU
		{5F36496D-D97D-4942-8973-40D0F31FA92E}.Release|Any CPU.Build.0 = Release|Any CPU
		{3030CEB9-48FE-45FF-964C-BE129FDAF752}.Debug|Any CPU.ActiveCfg = Debug|Any CPU
		{3030CEB9-48FE-45FF-964C-BE129FDAF752}.Debug|Any CPU.Build.0 = Debug|Any CPU
		{3030CEB9-48FE-45FF-964C-BE129FDAF752}.Release|Any CPU.ActiveCfg = Release|Any CPU
		{3030CEB9-48FE-45FF-964C-BE129FDAF752}.Release|Any CPU.Build.0 = Release|Any CPU
		{EBAA061B-33A2-469E-A453-7836E49D79D9}.Debug|Any CPU.ActiveCfg = Debug|Any CPU
		{EBAA061B-33A2-469E-A453-7836E49D79D9}.Debug|Any CPU.Build.0 = Debug|Any CPU
		{EBAA061B-33A2-469E-A453-7836E49D79D9}.Release|Any CPU.ActiveCfg = Release|Any CPU
		{EBAA061B-33A2-469E-A453-7836E49D79D9}.Release|Any CPU.Build.0 = Release|Any CPU
		{86CE0C2D-FDB2-4330-8546-C1B5A15126D4}.Debug|Any CPU.ActiveCfg = Debug|Any CPU
		{86CE0C2D-FDB2-4330-8546-C1B5A15126D4}.Debug|Any CPU.Build.0 = Debug|Any CPU
		{86CE0C2D-FDB2-4330-8546-C1B5A15126D4}.Release|Any CPU.ActiveCfg = Release|Any CPU
		{86CE0C2D-FDB2-4330-8546-C1B5A15126D4}.Release|Any CPU.Build.0 = Release|Any CPU
		{445672F4-6E9F-4C6A-A95F-55B45FBCEA44}.Debug|Any CPU.ActiveCfg = Debug|Any CPU
		{445672F4-6E9F-4C6A-A95F-55B45FBCEA44}.Debug|Any CPU.Build.0 = Debug|Any CPU
		{445672F4-6E9F-4C6A-A95F-55B45FBCEA44}.Release|Any CPU.ActiveCfg = Release|Any CPU
		{445672F4-6E9F-4C6A-A95F-55B45FBCEA44}.Release|Any CPU.Build.0 = Release|Any CPU
		{7A53C0B9-1B8B-4346-B556-626B9FA69415}.Debug|Any CPU.ActiveCfg = Debug|Any CPU
		{7A53C0B9-1B8B-4346-B556-626B9FA69415}.Debug|Any CPU.Build.0 = Debug|Any CPU
		{7A53C0B9-1B8B-4346-B556-626B9FA69415}.Release|Any CPU.ActiveCfg = Release|Any CPU
		{7A53C0B9-1B8B-4346-B556-626B9FA69415}.Release|Any CPU.Build.0 = Release|Any CPU
		{77057A2B-5BA2-42E2-B650-D000D40FD312}.Debug|Any CPU.ActiveCfg = Debug|Any CPU
		{77057A2B-5BA2-42E2-B650-D000D40FD312}.Debug|Any CPU.Build.0 = Debug|Any CPU
		{77057A2B-5BA2-42E2-B650-D000D40FD312}.Release|Any CPU.ActiveCfg = Release|Any CPU
		{77057A2B-5BA2-42E2-B650-D000D40FD312}.Release|Any CPU.Build.0 = Release|Any CPU
		{75D39A87-0C27-4439-929E-D8022B57706F}.Debug|Any CPU.ActiveCfg = Debug|Any CPU
		{75D39A87-0C27-4439-929E-D8022B57706F}.Debug|Any CPU.Build.0 = Debug|Any CPU
		{75D39A87-0C27-4439-929E-D8022B57706F}.Release|Any CPU.ActiveCfg = Release|Any CPU
		{75D39A87-0C27-4439-929E-D8022B57706F}.Release|Any CPU.Build.0 = Release|Any CPU
		{AF9972B0-07D6-49F3-9CB1-1D1F550EF410}.Debug|Any CPU.ActiveCfg = Debug|Any CPU
		{AF9972B0-07D6-49F3-9CB1-1D1F550EF410}.Debug|Any CPU.Build.0 = Debug|Any CPU
		{AF9972B0-07D6-49F3-9CB1-1D1F550EF410}.Release|Any CPU.ActiveCfg = Release|Any CPU
		{AF9972B0-07D6-49F3-9CB1-1D1F550EF410}.Release|Any CPU.Build.0 = Release|Any CPU
		{3D227877-DD0F-4B12-8296-7AE24AED6E38}.Debug|Any CPU.ActiveCfg = Debug|Any CPU
		{3D227877-DD0F-4B12-8296-7AE24AED6E38}.Debug|Any CPU.Build.0 = Debug|Any CPU
		{3D227877-DD0F-4B12-8296-7AE24AED6E38}.Release|Any CPU.ActiveCfg = Release|Any CPU
		{3D227877-DD0F-4B12-8296-7AE24AED6E38}.Release|Any CPU.Build.0 = Release|Any CPU
		{07225719-9E0B-4AEB-BC73-7B465E6BC16E}.Debug|Any CPU.ActiveCfg = Debug|Any CPU
		{07225719-9E0B-4AEB-BC73-7B465E6BC16E}.Debug|Any CPU.Build.0 = Debug|Any CPU
		{07225719-9E0B-4AEB-BC73-7B465E6BC16E}.Release|Any CPU.ActiveCfg = Release|Any CPU
		{07225719-9E0B-4AEB-BC73-7B465E6BC16E}.Release|Any CPU.Build.0 = Release|Any CPU
		{199384DB-678F-47FB-8EA4-A075D35E67CF}.Debug|Any CPU.ActiveCfg = Debug|Any CPU
		{199384DB-678F-47FB-8EA4-A075D35E67CF}.Debug|Any CPU.Build.0 = Debug|Any CPU
		{199384DB-678F-47FB-8EA4-A075D35E67CF}.Release|Any CPU.ActiveCfg = Release|Any CPU
		{199384DB-678F-47FB-8EA4-A075D35E67CF}.Release|Any CPU.Build.0 = Release|Any CPU
		{23E07A31-54F3-4AA5-81E3-D6B375EAC92E}.Debug|Any CPU.ActiveCfg = Debug|Any CPU
		{23E07A31-54F3-4AA5-81E3-D6B375EAC92E}.Debug|Any CPU.Build.0 = Debug|Any CPU
		{23E07A31-54F3-4AA5-81E3-D6B375EAC92E}.Release|Any CPU.ActiveCfg = Release|Any CPU
		{23E07A31-54F3-4AA5-81E3-D6B375EAC92E}.Release|Any CPU.Build.0 = Release|Any CPU
		{B0258F9B-3D4B-4691-9758-5D62EA10A3B6}.Debug|Any CPU.ActiveCfg = Debug|Any CPU
		{B0258F9B-3D4B-4691-9758-5D62EA10A3B6}.Debug|Any CPU.Build.0 = Debug|Any CPU
		{B0258F9B-3D4B-4691-9758-5D62EA10A3B6}.Release|Any CPU.ActiveCfg = Release|Any CPU
		{B0258F9B-3D4B-4691-9758-5D62EA10A3B6}.Release|Any CPU.Build.0 = Release|Any CPU
		{A9BBBC68-DB2C-4F63-B4DF-7E40EF18A452}.Debug|Any CPU.ActiveCfg = Debug|Any CPU
		{A9BBBC68-DB2C-4F63-B4DF-7E40EF18A452}.Debug|Any CPU.Build.0 = Debug|Any CPU
		{A9BBBC68-DB2C-4F63-B4DF-7E40EF18A452}.Release|Any CPU.ActiveCfg = Release|Any CPU
		{A9BBBC68-DB2C-4F63-B4DF-7E40EF18A452}.Release|Any CPU.Build.0 = Release|Any CPU
		{25D66561-F8E3-46AF-8CC6-64ED15D9EC0B}.Debug|Any CPU.ActiveCfg = Debug|Any CPU
		{25D66561-F8E3-46AF-8CC6-64ED15D9EC0B}.Debug|Any CPU.Build.0 = Debug|Any CPU
		{25D66561-F8E3-46AF-8CC6-64ED15D9EC0B}.Release|Any CPU.ActiveCfg = Release|Any CPU
		{25D66561-F8E3-46AF-8CC6-64ED15D9EC0B}.Release|Any CPU.Build.0 = Release|Any CPU
		{796A5829-2DE7-4E7F-9E83-CCCCBA793B93}.Debug|Any CPU.ActiveCfg = Debug|Any CPU
		{796A5829-2DE7-4E7F-9E83-CCCCBA793B93}.Debug|Any CPU.Build.0 = Debug|Any CPU
		{796A5829-2DE7-4E7F-9E83-CCCCBA793B93}.Release|Any CPU.ActiveCfg = Release|Any CPU
		{796A5829-2DE7-4E7F-9E83-CCCCBA793B93}.Release|Any CPU.Build.0 = Release|Any CPU
		{285992F1-A0CA-4AD2-9700-4B10B8A962B2}.Debug|Any CPU.ActiveCfg = Debug|Any CPU
		{285992F1-A0CA-4AD2-9700-4B10B8A962B2}.Debug|Any CPU.Build.0 = Debug|Any CPU
		{285992F1-A0CA-4AD2-9700-4B10B8A962B2}.Release|Any CPU.ActiveCfg = Release|Any CPU
		{285992F1-A0CA-4AD2-9700-4B10B8A962B2}.Release|Any CPU.Build.0 = Release|Any CPU
		{C407A20E-CE44-4DB7-85F5-F5B97902AF88}.Debug|Any CPU.ActiveCfg = Debug|Any CPU
		{C407A20E-CE44-4DB7-85F5-F5B97902AF88}.Debug|Any CPU.Build.0 = Debug|Any CPU
		{C407A20E-CE44-4DB7-85F5-F5B97902AF88}.Release|Any CPU.ActiveCfg = Release|Any CPU
		{C407A20E-CE44-4DB7-85F5-F5B97902AF88}.Release|Any CPU.Build.0 = Release|Any CPU
		{3F985784-39B7-4B57-AE9C-D3DE90CA92D3}.Debug|Any CPU.ActiveCfg = Debug|Any CPU
		{3F985784-39B7-4B57-AE9C-D3DE90CA92D3}.Debug|Any CPU.Build.0 = Debug|Any CPU
		{3F985784-39B7-4B57-AE9C-D3DE90CA92D3}.Release|Any CPU.ActiveCfg = Release|Any CPU
		{3F985784-39B7-4B57-AE9C-D3DE90CA92D3}.Release|Any CPU.Build.0 = Release|Any CPU
		{9065D2C8-27A6-4D5F-8F29-79BFDE2D841F}.Debug|Any CPU.ActiveCfg = Debug|Any CPU
		{9065D2C8-27A6-4D5F-8F29-79BFDE2D841F}.Debug|Any CPU.Build.0 = Debug|Any CPU
		{9065D2C8-27A6-4D5F-8F29-79BFDE2D841F}.Release|Any CPU.ActiveCfg = Release|Any CPU
		{9065D2C8-27A6-4D5F-8F29-79BFDE2D841F}.Release|Any CPU.Build.0 = Release|Any CPU
		{356CC23E-33F2-447A-870E-C0E8D1C80560}.Debug|Any CPU.ActiveCfg = Debug|Any CPU
		{356CC23E-33F2-447A-870E-C0E8D1C80560}.Debug|Any CPU.Build.0 = Debug|Any CPU
		{356CC23E-33F2-447A-870E-C0E8D1C80560}.Release|Any CPU.ActiveCfg = Release|Any CPU
		{356CC23E-33F2-447A-870E-C0E8D1C80560}.Release|Any CPU.Build.0 = Release|Any CPU
		{143853AB-C522-463C-9F92-F4F8EEAB3A0E}.Debug|Any CPU.ActiveCfg = Debug|Any CPU
		{143853AB-C522-463C-9F92-F4F8EEAB3A0E}.Debug|Any CPU.Build.0 = Debug|Any CPU
		{143853AB-C522-463C-9F92-F4F8EEAB3A0E}.Release|Any CPU.ActiveCfg = Release|Any CPU
		{143853AB-C522-463C-9F92-F4F8EEAB3A0E}.Release|Any CPU.Build.0 = Release|Any CPU
		{21C98496-8E10-41AD-96D6-1D838FF9A177}.Debug|Any CPU.ActiveCfg = Debug|Any CPU
		{21C98496-8E10-41AD-96D6-1D838FF9A177}.Debug|Any CPU.Build.0 = Debug|Any CPU
		{21C98496-8E10-41AD-96D6-1D838FF9A177}.Release|Any CPU.ActiveCfg = Release|Any CPU
		{21C98496-8E10-41AD-96D6-1D838FF9A177}.Release|Any CPU.Build.0 = Release|Any CPU
		{1294B8CC-FA5D-44CA-9329-10E14ADD579F}.Debug|Any CPU.ActiveCfg = Debug|Any CPU
		{1294B8CC-FA5D-44CA-9329-10E14ADD579F}.Debug|Any CPU.Build.0 = Debug|Any CPU
		{1294B8CC-FA5D-44CA-9329-10E14ADD579F}.Release|Any CPU.ActiveCfg = Release|Any CPU
		{1294B8CC-FA5D-44CA-9329-10E14ADD579F}.Release|Any CPU.Build.0 = Release|Any CPU
		{39EDE7FE-89C3-460F-BC0C-A767F6D3DF02}.Debug|Any CPU.ActiveCfg = Debug|Any CPU
		{39EDE7FE-89C3-460F-BC0C-A767F6D3DF02}.Debug|Any CPU.Build.0 = Debug|Any CPU
		{39EDE7FE-89C3-460F-BC0C-A767F6D3DF02}.Release|Any CPU.ActiveCfg = Release|Any CPU
		{39EDE7FE-89C3-460F-BC0C-A767F6D3DF02}.Release|Any CPU.Build.0 = Release|Any CPU
		{51A92A1A-E351-453B-9D65-9966D601A8AF}.Debug|Any CPU.ActiveCfg = Debug|Any CPU
		{51A92A1A-E351-453B-9D65-9966D601A8AF}.Debug|Any CPU.Build.0 = Debug|Any CPU
		{51A92A1A-E351-453B-9D65-9966D601A8AF}.Release|Any CPU.ActiveCfg = Release|Any CPU
		{51A92A1A-E351-453B-9D65-9966D601A8AF}.Release|Any CPU.Build.0 = Release|Any CPU
		{F5CEAD8C-4FDE-4EE7-925D-61EBB7A6DDA4}.Debug|Any CPU.ActiveCfg = Debug|Any CPU
		{F5CEAD8C-4FDE-4EE7-925D-61EBB7A6DDA4}.Debug|Any CPU.Build.0 = Debug|Any CPU
		{F5CEAD8C-4FDE-4EE7-925D-61EBB7A6DDA4}.Release|Any CPU.ActiveCfg = Release|Any CPU
		{F5CEAD8C-4FDE-4EE7-925D-61EBB7A6DDA4}.Release|Any CPU.Build.0 = Release|Any CPU
		{227C6C85-A6DF-4400-ACD0-9C99CBFED246}.Debug|Any CPU.ActiveCfg = Debug|Any CPU
		{227C6C85-A6DF-4400-ACD0-9C99CBFED246}.Debug|Any CPU.Build.0 = Debug|Any CPU
		{227C6C85-A6DF-4400-ACD0-9C99CBFED246}.Release|Any CPU.ActiveCfg = Release|Any CPU
		{227C6C85-A6DF-4400-ACD0-9C99CBFED246}.Release|Any CPU.Build.0 = Release|Any CPU
		{714DCC74-6EEF-4AB2-BAC7-80A171948386}.Debug|Any CPU.ActiveCfg = Debug|Any CPU
		{714DCC74-6EEF-4AB2-BAC7-80A171948386}.Debug|Any CPU.Build.0 = Debug|Any CPU
		{714DCC74-6EEF-4AB2-BAC7-80A171948386}.Release|Any CPU.ActiveCfg = Release|Any CPU
		{714DCC74-6EEF-4AB2-BAC7-80A171948386}.Release|Any CPU.Build.0 = Release|Any CPU
		{0B796E61-7322-4430-BBF2-481CB9B42D41}.Debug|Any CPU.ActiveCfg = Debug|Any CPU
		{0B796E61-7322-4430-BBF2-481CB9B42D41}.Debug|Any CPU.Build.0 = Debug|Any CPU
		{0B796E61-7322-4430-BBF2-481CB9B42D41}.Release|Any CPU.ActiveCfg = Release|Any CPU
		{0B796E61-7322-4430-BBF2-481CB9B42D41}.Release|Any CPU.Build.0 = Release|Any CPU
		{F46A4652-85A4-4F6E-9EB6-BB7950B50B7E}.Debug|Any CPU.ActiveCfg = Debug|Any CPU
		{F46A4652-85A4-4F6E-9EB6-BB7950B50B7E}.Debug|Any CPU.Build.0 = Debug|Any CPU
		{F46A4652-85A4-4F6E-9EB6-BB7950B50B7E}.Release|Any CPU.ActiveCfg = Release|Any CPU
		{F46A4652-85A4-4F6E-9EB6-BB7950B50B7E}.Release|Any CPU.Build.0 = Release|Any CPU
		{BC1BE449-1492-419A-AFB5-28DEE85B8273}.Debug|Any CPU.ActiveCfg = Debug|Any CPU
		{BC1BE449-1492-419A-AFB5-28DEE85B8273}.Debug|Any CPU.Build.0 = Debug|Any CPU
		{BC1BE449-1492-419A-AFB5-28DEE85B8273}.Release|Any CPU.ActiveCfg = Release|Any CPU
		{BC1BE449-1492-419A-AFB5-28DEE85B8273}.Release|Any CPU.Build.0 = Release|Any CPU
		{5155A093-515B-4C08-BC24-A61DD67D62F8}.Debug|Any CPU.ActiveCfg = Debug|Any CPU
		{5155A093-515B-4C08-BC24-A61DD67D62F8}.Debug|Any CPU.Build.0 = Debug|Any CPU
		{5155A093-515B-4C08-BC24-A61DD67D62F8}.Release|Any CPU.ActiveCfg = Release|Any CPU
		{5155A093-515B-4C08-BC24-A61DD67D62F8}.Release|Any CPU.Build.0 = Release|Any CPU
		{7987173F-922F-42AB-A06D-39E7B1E73C04}.Debug|Any CPU.ActiveCfg = Debug|Any CPU
		{7987173F-922F-42AB-A06D-39E7B1E73C04}.Debug|Any CPU.Build.0 = Debug|Any CPU
		{7987173F-922F-42AB-A06D-39E7B1E73C04}.Release|Any CPU.ActiveCfg = Release|Any CPU
		{7987173F-922F-42AB-A06D-39E7B1E73C04}.Release|Any CPU.Build.0 = Release|Any CPU
		{436FF480-0C5A-4814-91C1-1D86B8C99FD2}.Debug|Any CPU.ActiveCfg = Debug|Any CPU
		{436FF480-0C5A-4814-91C1-1D86B8C99FD2}.Debug|Any CPU.Build.0 = Debug|Any CPU
		{436FF480-0C5A-4814-91C1-1D86B8C99FD2}.Release|Any CPU.ActiveCfg = Release|Any CPU
		{436FF480-0C5A-4814-91C1-1D86B8C99FD2}.Release|Any CPU.Build.0 = Release|Any CPU
		{55DBA9C4-5674-46A8-939E-6C56FBDA612E}.Debug|Any CPU.ActiveCfg = Debug|Any CPU
		{55DBA9C4-5674-46A8-939E-6C56FBDA612E}.Debug|Any CPU.Build.0 = Debug|Any CPU
		{55DBA9C4-5674-46A8-939E-6C56FBDA612E}.Release|Any CPU.ActiveCfg = Release|Any CPU
		{55DBA9C4-5674-46A8-939E-6C56FBDA612E}.Release|Any CPU.Build.0 = Release|Any CPU
		{3FB6057D-6FD0-46CD-9576-02C2767856E9}.Debug|Any CPU.ActiveCfg = Debug|Any CPU
		{3FB6057D-6FD0-46CD-9576-02C2767856E9}.Debug|Any CPU.Build.0 = Debug|Any CPU
		{3FB6057D-6FD0-46CD-9576-02C2767856E9}.Release|Any CPU.ActiveCfg = Release|Any CPU
		{3FB6057D-6FD0-46CD-9576-02C2767856E9}.Release|Any CPU.Build.0 = Release|Any CPU
		{FDCC61CB-72B1-4EDD-9A5D-7E5792B58F86}.Debug|Any CPU.ActiveCfg = Debug|Any CPU
		{FDCC61CB-72B1-4EDD-9A5D-7E5792B58F86}.Debug|Any CPU.Build.0 = Debug|Any CPU
		{FDCC61CB-72B1-4EDD-9A5D-7E5792B58F86}.Release|Any CPU.ActiveCfg = Release|Any CPU
		{FDCC61CB-72B1-4EDD-9A5D-7E5792B58F86}.Release|Any CPU.Build.0 = Release|Any CPU
		{E8D516B2-B771-463C-B418-69E5DD0BA179}.Debug|Any CPU.ActiveCfg = Debug|Any CPU
		{E8D516B2-B771-463C-B418-69E5DD0BA179}.Debug|Any CPU.Build.0 = Debug|Any CPU
		{E8D516B2-B771-463C-B418-69E5DD0BA179}.Release|Any CPU.ActiveCfg = Release|Any CPU
		{E8D516B2-B771-463C-B418-69E5DD0BA179}.Release|Any CPU.Build.0 = Release|Any CPU
		{677C20A1-9099-418B-8F3A-D2971E4852F1}.Debug|Any CPU.ActiveCfg = Debug|Any CPU
		{677C20A1-9099-418B-8F3A-D2971E4852F1}.Debug|Any CPU.Build.0 = Debug|Any CPU
		{677C20A1-9099-418B-8F3A-D2971E4852F1}.Release|Any CPU.ActiveCfg = Release|Any CPU
		{677C20A1-9099-418B-8F3A-D2971E4852F1}.Release|Any CPU.Build.0 = Release|Any CPU
		{F8899705-C056-4860-8F59-F728D18ACE27}.Debug|Any CPU.ActiveCfg = Debug|Any CPU
		{F8899705-C056-4860-8F59-F728D18ACE27}.Debug|Any CPU.Build.0 = Debug|Any CPU
		{F8899705-C056-4860-8F59-F728D18ACE27}.Release|Any CPU.ActiveCfg = Release|Any CPU
		{F8899705-C056-4860-8F59-F728D18ACE27}.Release|Any CPU.Build.0 = Release|Any CPU
		{AD150FD3-6B3B-4CDC-BA45-FBABF1E6EEB0}.Debug|Any CPU.ActiveCfg = Debug|Any CPU
		{AD150FD3-6B3B-4CDC-BA45-FBABF1E6EEB0}.Debug|Any CPU.Build.0 = Debug|Any CPU
		{AD150FD3-6B3B-4CDC-BA45-FBABF1E6EEB0}.Release|Any CPU.ActiveCfg = Release|Any CPU
		{AD150FD3-6B3B-4CDC-BA45-FBABF1E6EEB0}.Release|Any CPU.Build.0 = Release|Any CPU
		{2F652F7B-158F-4810-8495-3B4297E2B56F}.Debug|Any CPU.ActiveCfg = Debug|Any CPU
		{2F652F7B-158F-4810-8495-3B4297E2B56F}.Debug|Any CPU.Build.0 = Debug|Any CPU
		{2F652F7B-158F-4810-8495-3B4297E2B56F}.Release|Any CPU.ActiveCfg = Release|Any CPU
		{2F652F7B-158F-4810-8495-3B4297E2B56F}.Release|Any CPU.Build.0 = Release|Any CPU
		{577348C4-2842-4A84-A5F7-A0C9F1277A39}.Debug|Any CPU.ActiveCfg = Debug|Any CPU
		{577348C4-2842-4A84-A5F7-A0C9F1277A39}.Debug|Any CPU.Build.0 = Debug|Any CPU
		{577348C4-2842-4A84-A5F7-A0C9F1277A39}.Release|Any CPU.ActiveCfg = Release|Any CPU
		{577348C4-2842-4A84-A5F7-A0C9F1277A39}.Release|Any CPU.Build.0 = Release|Any CPU
		{E988165C-7C6E-427B-B6F1-219B3929C37C}.Debug|Any CPU.ActiveCfg = Debug|Any CPU
		{E988165C-7C6E-427B-B6F1-219B3929C37C}.Debug|Any CPU.Build.0 = Debug|Any CPU
		{E988165C-7C6E-427B-B6F1-219B3929C37C}.Release|Any CPU.ActiveCfg = Release|Any CPU
		{E988165C-7C6E-427B-B6F1-219B3929C37C}.Release|Any CPU.Build.0 = Release|Any CPU
		{BAC49B55-56EC-4134-87F4-374FD41F6E75}.Debug|Any CPU.ActiveCfg = Debug|Any CPU
		{BAC49B55-56EC-4134-87F4-374FD41F6E75}.Debug|Any CPU.Build.0 = Debug|Any CPU
		{BAC49B55-56EC-4134-87F4-374FD41F6E75}.Release|Any CPU.ActiveCfg = Release|Any CPU
		{BAC49B55-56EC-4134-87F4-374FD41F6E75}.Release|Any CPU.Build.0 = Release|Any CPU
		{5F24CB69-7F6C-47D8-9768-D752C1B5AE62}.Debug|Any CPU.ActiveCfg = Debug|Any CPU
		{5F24CB69-7F6C-47D8-9768-D752C1B5AE62}.Debug|Any CPU.Build.0 = Debug|Any CPU
		{5F24CB69-7F6C-47D8-9768-D752C1B5AE62}.Release|Any CPU.ActiveCfg = Release|Any CPU
		{5F24CB69-7F6C-47D8-9768-D752C1B5AE62}.Release|Any CPU.Build.0 = Release|Any CPU
		{D19E2ECD-B9AA-4179-8E0E-F98252063C6A}.Debug|Any CPU.ActiveCfg = Debug|Any CPU
		{D19E2ECD-B9AA-4179-8E0E-F98252063C6A}.Debug|Any CPU.Build.0 = Debug|Any CPU
		{D19E2ECD-B9AA-4179-8E0E-F98252063C6A}.Release|Any CPU.ActiveCfg = Release|Any CPU
		{D19E2ECD-B9AA-4179-8E0E-F98252063C6A}.Release|Any CPU.Build.0 = Release|Any CPU
		{FBA34470-A5CC-4BD1-BE06-673ABB977904}.Debug|Any CPU.ActiveCfg = Debug|Any CPU
		{FBA34470-A5CC-4BD1-BE06-673ABB977904}.Debug|Any CPU.Build.0 = Debug|Any CPU
		{FBA34470-A5CC-4BD1-BE06-673ABB977904}.Release|Any CPU.ActiveCfg = Release|Any CPU
		{FBA34470-A5CC-4BD1-BE06-673ABB977904}.Release|Any CPU.Build.0 = Release|Any CPU
		{00B175ED-5506-44C2-BF22-6DD2C3D0E622}.Debug|Any CPU.ActiveCfg = Debug|Any CPU
		{00B175ED-5506-44C2-BF22-6DD2C3D0E622}.Debug|Any CPU.Build.0 = Debug|Any CPU
		{00B175ED-5506-44C2-BF22-6DD2C3D0E622}.Release|Any CPU.ActiveCfg = Release|Any CPU
		{00B175ED-5506-44C2-BF22-6DD2C3D0E622}.Release|Any CPU.Build.0 = Release|Any CPU
		{9B33E6B2-DC88-4BF7-B963-D73427248595}.Debug|Any CPU.ActiveCfg = Debug|Any CPU
		{9B33E6B2-DC88-4BF7-B963-D73427248595}.Debug|Any CPU.Build.0 = Debug|Any CPU
		{9B33E6B2-DC88-4BF7-B963-D73427248595}.Release|Any CPU.ActiveCfg = Release|Any CPU
		{9B33E6B2-DC88-4BF7-B963-D73427248595}.Release|Any CPU.Build.0 = Release|Any CPU
		{7F6271A3-2FE3-4C40-8C0F-CAC92B5028F4}.Debug|Any CPU.ActiveCfg = Debug|Any CPU
		{7F6271A3-2FE3-4C40-8C0F-CAC92B5028F4}.Debug|Any CPU.Build.0 = Debug|Any CPU
		{7F6271A3-2FE3-4C40-8C0F-CAC92B5028F4}.Release|Any CPU.ActiveCfg = Release|Any CPU
		{7F6271A3-2FE3-4C40-8C0F-CAC92B5028F4}.Release|Any CPU.Build.0 = Release|Any CPU
		{21A60A28-A22C-4E7E-8839-8954D54D647C}.Debug|Any CPU.ActiveCfg = Debug|Any CPU
		{21A60A28-A22C-4E7E-8839-8954D54D647C}.Debug|Any CPU.Build.0 = Debug|Any CPU
		{21A60A28-A22C-4E7E-8839-8954D54D647C}.Release|Any CPU.ActiveCfg = Release|Any CPU
		{21A60A28-A22C-4E7E-8839-8954D54D647C}.Release|Any CPU.Build.0 = Release|Any CPU
		{300E3279-BBBE-42F2-885F-807459B9E8C7}.Debug|Any CPU.ActiveCfg = Debug|Any CPU
		{300E3279-BBBE-42F2-885F-807459B9E8C7}.Debug|Any CPU.Build.0 = Debug|Any CPU
		{300E3279-BBBE-42F2-885F-807459B9E8C7}.Release|Any CPU.ActiveCfg = Release|Any CPU
		{300E3279-BBBE-42F2-885F-807459B9E8C7}.Release|Any CPU.Build.0 = Release|Any CPU
		{3C71CF51-4EC9-4F33-A150-5BA602A90DD7}.Debug|Any CPU.ActiveCfg = Debug|Any CPU
		{3C71CF51-4EC9-4F33-A150-5BA602A90DD7}.Debug|Any CPU.Build.0 = Debug|Any CPU
		{3C71CF51-4EC9-4F33-A150-5BA602A90DD7}.Release|Any CPU.ActiveCfg = Release|Any CPU
		{3C71CF51-4EC9-4F33-A150-5BA602A90DD7}.Release|Any CPU.Build.0 = Release|Any CPU
		{165C6B72-F669-4985-B14D-A83360F4A380}.Debug|Any CPU.ActiveCfg = Debug|Any CPU
		{165C6B72-F669-4985-B14D-A83360F4A380}.Debug|Any CPU.Build.0 = Debug|Any CPU
		{165C6B72-F669-4985-B14D-A83360F4A380}.Release|Any CPU.ActiveCfg = Release|Any CPU
		{165C6B72-F669-4985-B14D-A83360F4A380}.Release|Any CPU.Build.0 = Release|Any CPU
		{C7A7FEEB-D7A4-4E4C-B118-0DB36B082F6E}.Debug|Any CPU.ActiveCfg = Debug|Any CPU
		{C7A7FEEB-D7A4-4E4C-B118-0DB36B082F6E}.Debug|Any CPU.Build.0 = Debug|Any CPU
		{C7A7FEEB-D7A4-4E4C-B118-0DB36B082F6E}.Release|Any CPU.ActiveCfg = Release|Any CPU
		{C7A7FEEB-D7A4-4E4C-B118-0DB36B082F6E}.Release|Any CPU.Build.0 = Release|Any CPU
		{C07F4B1C-D337-4D6C-8A22-6021382E471D}.Debug|Any CPU.ActiveCfg = Debug|Any CPU
		{C07F4B1C-D337-4D6C-8A22-6021382E471D}.Debug|Any CPU.Build.0 = Debug|Any CPU
		{C07F4B1C-D337-4D6C-8A22-6021382E471D}.Release|Any CPU.ActiveCfg = Release|Any CPU
		{C07F4B1C-D337-4D6C-8A22-6021382E471D}.Release|Any CPU.Build.0 = Release|Any CPU
		{3F0AE84C-2067-45F4-9C42-7DD772C43ECB}.Debug|Any CPU.ActiveCfg = Debug|Any CPU
		{3F0AE84C-2067-45F4-9C42-7DD772C43ECB}.Debug|Any CPU.Build.0 = Debug|Any CPU
		{3F0AE84C-2067-45F4-9C42-7DD772C43ECB}.Release|Any CPU.ActiveCfg = Release|Any CPU
		{3F0AE84C-2067-45F4-9C42-7DD772C43ECB}.Release|Any CPU.Build.0 = Release|Any CPU
		{22DDAC95-C4D0-43B1-ABD3-79F963CCB7B0}.Debug|Any CPU.ActiveCfg = Debug|Any CPU
		{22DDAC95-C4D0-43B1-ABD3-79F963CCB7B0}.Debug|Any CPU.Build.0 = Debug|Any CPU
		{22DDAC95-C4D0-43B1-ABD3-79F963CCB7B0}.Release|Any CPU.ActiveCfg = Release|Any CPU
		{22DDAC95-C4D0-43B1-ABD3-79F963CCB7B0}.Release|Any CPU.Build.0 = Release|Any CPU
		{5AB34B24-6463-4AB8-9FC1-31E1416199AD}.Debug|Any CPU.ActiveCfg = Debug|Any CPU
		{5AB34B24-6463-4AB8-9FC1-31E1416199AD}.Debug|Any CPU.Build.0 = Debug|Any CPU
		{5AB34B24-6463-4AB8-9FC1-31E1416199AD}.Release|Any CPU.ActiveCfg = Release|Any CPU
		{5AB34B24-6463-4AB8-9FC1-31E1416199AD}.Release|Any CPU.Build.0 = Release|Any CPU
		{63679086-9556-4D29-AF17-64B2547DCA9E}.Debug|Any CPU.ActiveCfg = Debug|Any CPU
		{63679086-9556-4D29-AF17-64B2547DCA9E}.Debug|Any CPU.Build.0 = Debug|Any CPU
		{63679086-9556-4D29-AF17-64B2547DCA9E}.Release|Any CPU.ActiveCfg = Release|Any CPU
		{63679086-9556-4D29-AF17-64B2547DCA9E}.Release|Any CPU.Build.0 = Release|Any CPU
		{E2B6D6B6-E395-4F12-8183-41134F649A15}.Debug|Any CPU.ActiveCfg = Debug|Any CPU
		{E2B6D6B6-E395-4F12-8183-41134F649A15}.Debug|Any CPU.Build.0 = Debug|Any CPU
		{E2B6D6B6-E395-4F12-8183-41134F649A15}.Release|Any CPU.ActiveCfg = Release|Any CPU
		{E2B6D6B6-E395-4F12-8183-41134F649A15}.Release|Any CPU.Build.0 = Release|Any CPU
		{8BC928B2-1060-42F2-859C-F3872D77C70F}.Debug|Any CPU.ActiveCfg = Debug|Any CPU
		{8BC928B2-1060-42F2-859C-F3872D77C70F}.Debug|Any CPU.Build.0 = Debug|Any CPU
		{8BC928B2-1060-42F2-859C-F3872D77C70F}.Release|Any CPU.ActiveCfg = Release|Any CPU
		{8BC928B2-1060-42F2-859C-F3872D77C70F}.Release|Any CPU.Build.0 = Release|Any CPU
		{3EFE55FF-A6BA-47BF-B029-BDEE50970285}.Debug|Any CPU.ActiveCfg = Debug|Any CPU
		{3EFE55FF-A6BA-47BF-B029-BDEE50970285}.Debug|Any CPU.Build.0 = Debug|Any CPU
		{3EFE55FF-A6BA-47BF-B029-BDEE50970285}.Release|Any CPU.ActiveCfg = Release|Any CPU
		{3EFE55FF-A6BA-47BF-B029-BDEE50970285}.Release|Any CPU.Build.0 = Release|Any CPU
		{EBFAE1A9-8507-4642-996D-35B784263409}.Debug|Any CPU.ActiveCfg = Debug|Any CPU
		{EBFAE1A9-8507-4642-996D-35B784263409}.Debug|Any CPU.Build.0 = Debug|Any CPU
		{EBFAE1A9-8507-4642-996D-35B784263409}.Release|Any CPU.ActiveCfg = Release|Any CPU
		{EBFAE1A9-8507-4642-996D-35B784263409}.Release|Any CPU.Build.0 = Release|Any CPU
		{DBBBCD28-69A2-4392-A874-C48B203180EF}.Debug|Any CPU.ActiveCfg = Debug|Any CPU
		{DBBBCD28-69A2-4392-A874-C48B203180EF}.Debug|Any CPU.Build.0 = Debug|Any CPU
		{DBBBCD28-69A2-4392-A874-C48B203180EF}.Release|Any CPU.ActiveCfg = Release|Any CPU
		{DBBBCD28-69A2-4392-A874-C48B203180EF}.Release|Any CPU.Build.0 = Release|Any CPU
		{1AD0FB13-7099-4759-ABDB-7E780B7773F2}.Debug|Any CPU.ActiveCfg = Debug|Any CPU
		{1AD0FB13-7099-4759-ABDB-7E780B7773F2}.Debug|Any CPU.Build.0 = Debug|Any CPU
		{1AD0FB13-7099-4759-ABDB-7E780B7773F2}.Release|Any CPU.ActiveCfg = Release|Any CPU
		{1AD0FB13-7099-4759-ABDB-7E780B7773F2}.Release|Any CPU.Build.0 = Release|Any CPU
		{2431C1E4-DA6F-4BEB-8A82-B1DF8F9D2D4E}.Debug|Any CPU.ActiveCfg = Debug|Any CPU
		{2431C1E4-DA6F-4BEB-8A82-B1DF8F9D2D4E}.Debug|Any CPU.Build.0 = Debug|Any CPU
		{2431C1E4-DA6F-4BEB-8A82-B1DF8F9D2D4E}.Release|Any CPU.ActiveCfg = Release|Any CPU
		{2431C1E4-DA6F-4BEB-8A82-B1DF8F9D2D4E}.Release|Any CPU.Build.0 = Release|Any CPU
		{3E5F1931-D1EE-4477-BF6F-4D31C471567F}.Debug|Any CPU.ActiveCfg = Debug|Any CPU
		{3E5F1931-D1EE-4477-BF6F-4D31C471567F}.Debug|Any CPU.Build.0 = Debug|Any CPU
		{3E5F1931-D1EE-4477-BF6F-4D31C471567F}.Release|Any CPU.ActiveCfg = Release|Any CPU
		{3E5F1931-D1EE-4477-BF6F-4D31C471567F}.Release|Any CPU.Build.0 = Release|Any CPU
		{8BF9C712-AA14-4F83-947F-A8F14E0310A8}.Debug|Any CPU.ActiveCfg = Debug|Any CPU
		{8BF9C712-AA14-4F83-947F-A8F14E0310A8}.Debug|Any CPU.Build.0 = Debug|Any CPU
		{8BF9C712-AA14-4F83-947F-A8F14E0310A8}.Release|Any CPU.ActiveCfg = Release|Any CPU
		{8BF9C712-AA14-4F83-947F-A8F14E0310A8}.Release|Any CPU.Build.0 = Release|Any CPU
		{8E7CDFA2-FC2C-4532-BB1E-41A2BC48F882}.Debug|Any CPU.ActiveCfg = Debug|Any CPU
		{8E7CDFA2-FC2C-4532-BB1E-41A2BC48F882}.Debug|Any CPU.Build.0 = Debug|Any CPU
		{8E7CDFA2-FC2C-4532-BB1E-41A2BC48F882}.Release|Any CPU.ActiveCfg = Release|Any CPU
		{8E7CDFA2-FC2C-4532-BB1E-41A2BC48F882}.Release|Any CPU.Build.0 = Release|Any CPU
		{4DCDD1BD-C378-48DE-B687-B1E5936D94F5}.Debug|Any CPU.ActiveCfg = Debug|Any CPU
		{4DCDD1BD-C378-48DE-B687-B1E5936D94F5}.Debug|Any CPU.Build.0 = Debug|Any CPU
		{4DCDD1BD-C378-48DE-B687-B1E5936D94F5}.Release|Any CPU.ActiveCfg = Release|Any CPU
		{4DCDD1BD-C378-48DE-B687-B1E5936D94F5}.Release|Any CPU.Build.0 = Release|Any CPU
		{08EC600C-0BE1-4F55-B945-ECCCBF5D9F54}.Debug|Any CPU.ActiveCfg = Debug|Any CPU
		{08EC600C-0BE1-4F55-B945-ECCCBF5D9F54}.Debug|Any CPU.Build.0 = Debug|Any CPU
		{08EC600C-0BE1-4F55-B945-ECCCBF5D9F54}.Release|Any CPU.ActiveCfg = Release|Any CPU
		{08EC600C-0BE1-4F55-B945-ECCCBF5D9F54}.Release|Any CPU.Build.0 = Release|Any CPU
		{391EF22A-C84A-400E-990D-B6E6039E0C2C}.Debug|Any CPU.ActiveCfg = Debug|Any CPU
		{391EF22A-C84A-400E-990D-B6E6039E0C2C}.Debug|Any CPU.Build.0 = Debug|Any CPU
		{391EF22A-C84A-400E-990D-B6E6039E0C2C}.Release|Any CPU.ActiveCfg = Release|Any CPU
		{391EF22A-C84A-400E-990D-B6E6039E0C2C}.Release|Any CPU.Build.0 = Release|Any CPU
		{7B9196D7-BE8B-4DEE-BA0D-A7ABEFB9EDCC}.Debug|Any CPU.ActiveCfg = Debug|Any CPU
		{7B9196D7-BE8B-4DEE-BA0D-A7ABEFB9EDCC}.Debug|Any CPU.Build.0 = Debug|Any CPU
		{7B9196D7-BE8B-4DEE-BA0D-A7ABEFB9EDCC}.Release|Any CPU.ActiveCfg = Release|Any CPU
		{7B9196D7-BE8B-4DEE-BA0D-A7ABEFB9EDCC}.Release|Any CPU.Build.0 = Release|Any CPU
		{2538FE10-DA26-4C7C-8E31-048B1DE3199E}.Debug|Any CPU.ActiveCfg = Debug|Any CPU
		{2538FE10-DA26-4C7C-8E31-048B1DE3199E}.Debug|Any CPU.Build.0 = Debug|Any CPU
		{2538FE10-DA26-4C7C-8E31-048B1DE3199E}.Release|Any CPU.ActiveCfg = Release|Any CPU
		{2538FE10-DA26-4C7C-8E31-048B1DE3199E}.Release|Any CPU.Build.0 = Release|Any CPU
		{6E8F1753-F564-48A5-A463-F2E334D1B09E}.Debug|Any CPU.ActiveCfg = Debug|Any CPU
		{6E8F1753-F564-48A5-A463-F2E334D1B09E}.Debug|Any CPU.Build.0 = Debug|Any CPU
		{6E8F1753-F564-48A5-A463-F2E334D1B09E}.Release|Any CPU.ActiveCfg = Release|Any CPU
		{6E8F1753-F564-48A5-A463-F2E334D1B09E}.Release|Any CPU.Build.0 = Release|Any CPU
		{3BC7F22E-3F96-431F-BB7A-60E44C7867A0}.Debug|Any CPU.ActiveCfg = Debug|Any CPU
		{3BC7F22E-3F96-431F-BB7A-60E44C7867A0}.Debug|Any CPU.Build.0 = Debug|Any CPU
		{3BC7F22E-3F96-431F-BB7A-60E44C7867A0}.Release|Any CPU.ActiveCfg = Release|Any CPU
		{3BC7F22E-3F96-431F-BB7A-60E44C7867A0}.Release|Any CPU.Build.0 = Release|Any CPU
		{92F9F74B-E48E-4203-A563-043B249E9203}.Debug|Any CPU.ActiveCfg = Debug|Any CPU
		{92F9F74B-E48E-4203-A563-043B249E9203}.Debug|Any CPU.Build.0 = Debug|Any CPU
		{92F9F74B-E48E-4203-A563-043B249E9203}.Release|Any CPU.ActiveCfg = Release|Any CPU
		{92F9F74B-E48E-4203-A563-043B249E9203}.Release|Any CPU.Build.0 = Release|Any CPU
		{CB3F44CB-6CB9-4309-BBCA-A68F0AB6D1C4}.Debug|Any CPU.ActiveCfg = Debug|Any CPU
		{CB3F44CB-6CB9-4309-BBCA-A68F0AB6D1C4}.Debug|Any CPU.Build.0 = Debug|Any CPU
		{CB3F44CB-6CB9-4309-BBCA-A68F0AB6D1C4}.Release|Any CPU.ActiveCfg = Release|Any CPU
		{CB3F44CB-6CB9-4309-BBCA-A68F0AB6D1C4}.Release|Any CPU.Build.0 = Release|Any CPU
		{C83C3065-A2BA-4E82-AE44-1B1B5673B2C3}.Debug|Any CPU.ActiveCfg = Debug|Any CPU
		{C83C3065-A2BA-4E82-AE44-1B1B5673B2C3}.Debug|Any CPU.Build.0 = Debug|Any CPU
		{C83C3065-A2BA-4E82-AE44-1B1B5673B2C3}.Release|Any CPU.ActiveCfg = Release|Any CPU
		{C83C3065-A2BA-4E82-AE44-1B1B5673B2C3}.Release|Any CPU.Build.0 = Release|Any CPU
		{A4C56F67-C4B0-4F8A-909B-772C76BFBA9E}.Debug|Any CPU.ActiveCfg = Debug|Any CPU
		{A4C56F67-C4B0-4F8A-909B-772C76BFBA9E}.Debug|Any CPU.Build.0 = Debug|Any CPU
		{A4C56F67-C4B0-4F8A-909B-772C76BFBA9E}.Release|Any CPU.ActiveCfg = Release|Any CPU
		{A4C56F67-C4B0-4F8A-909B-772C76BFBA9E}.Release|Any CPU.Build.0 = Release|Any CPU
		{B6CBE96F-5D7F-40E8-81A5-5BC34A05A4FA}.Debug|Any CPU.ActiveCfg = Debug|Any CPU
		{B6CBE96F-5D7F-40E8-81A5-5BC34A05A4FA}.Debug|Any CPU.Build.0 = Debug|Any CPU
		{B6CBE96F-5D7F-40E8-81A5-5BC34A05A4FA}.Release|Any CPU.ActiveCfg = Release|Any CPU
		{B6CBE96F-5D7F-40E8-81A5-5BC34A05A4FA}.Release|Any CPU.Build.0 = Release|Any CPU
		{D9194E3D-0ED9-4993-B17D-B0C1E4BD38C8}.Debug|Any CPU.ActiveCfg = Debug|Any CPU
		{D9194E3D-0ED9-4993-B17D-B0C1E4BD38C8}.Debug|Any CPU.Build.0 = Debug|Any CPU
		{D9194E3D-0ED9-4993-B17D-B0C1E4BD38C8}.Release|Any CPU.ActiveCfg = Release|Any CPU
		{D9194E3D-0ED9-4993-B17D-B0C1E4BD38C8}.Release|Any CPU.Build.0 = Release|Any CPU
		{8B7FE36C-BB79-4CED-8DDD-DE7633E745D7}.Debug|Any CPU.ActiveCfg = Debug|Any CPU
		{8B7FE36C-BB79-4CED-8DDD-DE7633E745D7}.Debug|Any CPU.Build.0 = Debug|Any CPU
		{8B7FE36C-BB79-4CED-8DDD-DE7633E745D7}.Release|Any CPU.ActiveCfg = Release|Any CPU
		{8B7FE36C-BB79-4CED-8DDD-DE7633E745D7}.Release|Any CPU.Build.0 = Release|Any CPU
		{5F53ED68-FD55-4CE6-8F81-F169665608B8}.Debug|Any CPU.ActiveCfg = Debug|Any CPU
		{5F53ED68-FD55-4CE6-8F81-F169665608B8}.Debug|Any CPU.Build.0 = Debug|Any CPU
		{5F53ED68-FD55-4CE6-8F81-F169665608B8}.Release|Any CPU.ActiveCfg = Release|Any CPU
		{5F53ED68-FD55-4CE6-8F81-F169665608B8}.Release|Any CPU.Build.0 = Release|Any CPU
		{A5F00EE0-A754-40E8-AF12-6D1A536C66D7}.Debug|Any CPU.ActiveCfg = Debug|Any CPU
		{A5F00EE0-A754-40E8-AF12-6D1A536C66D7}.Debug|Any CPU.Build.0 = Debug|Any CPU
		{A5F00EE0-A754-40E8-AF12-6D1A536C66D7}.Release|Any CPU.ActiveCfg = Release|Any CPU
		{A5F00EE0-A754-40E8-AF12-6D1A536C66D7}.Release|Any CPU.Build.0 = Release|Any CPU
		{4BBBCF9D-916D-4107-8E85-A7F982D82C3B}.Debug|Any CPU.ActiveCfg = Debug|Any CPU
		{4BBBCF9D-916D-4107-8E85-A7F982D82C3B}.Debug|Any CPU.Build.0 = Debug|Any CPU
		{4BBBCF9D-916D-4107-8E85-A7F982D82C3B}.Release|Any CPU.ActiveCfg = Release|Any CPU
		{4BBBCF9D-916D-4107-8E85-A7F982D82C3B}.Release|Any CPU.Build.0 = Release|Any CPU
		{A4A4A33B-8B4F-44C3-89BB-88C69D8CF2D1}.Debug|Any CPU.ActiveCfg = Debug|Any CPU
		{A4A4A33B-8B4F-44C3-89BB-88C69D8CF2D1}.Debug|Any CPU.Build.0 = Debug|Any CPU
		{A4A4A33B-8B4F-44C3-89BB-88C69D8CF2D1}.Release|Any CPU.ActiveCfg = Release|Any CPU
		{A4A4A33B-8B4F-44C3-89BB-88C69D8CF2D1}.Release|Any CPU.Build.0 = Release|Any CPU
		{C2824DD1-2890-45A2-8241-10BB433593AD}.Debug|Any CPU.ActiveCfg = Debug|Any CPU
		{C2824DD1-2890-45A2-8241-10BB433593AD}.Debug|Any CPU.Build.0 = Debug|Any CPU
		{C2824DD1-2890-45A2-8241-10BB433593AD}.Release|Any CPU.ActiveCfg = Release|Any CPU
		{C2824DD1-2890-45A2-8241-10BB433593AD}.Release|Any CPU.Build.0 = Release|Any CPU
		{BB09C2D7-501D-4740-8319-7E488DED659F}.Debug|Any CPU.ActiveCfg = Debug|Any CPU
		{BB09C2D7-501D-4740-8319-7E488DED659F}.Debug|Any CPU.Build.0 = Debug|Any CPU
		{BB09C2D7-501D-4740-8319-7E488DED659F}.Release|Any CPU.ActiveCfg = Release|Any CPU
		{BB09C2D7-501D-4740-8319-7E488DED659F}.Release|Any CPU.Build.0 = Release|Any CPU
		{1A4CC45F-4EE9-44A5-98B8-BAF053A97026}.Debug|Any CPU.ActiveCfg = Debug|Any CPU
		{1A4CC45F-4EE9-44A5-98B8-BAF053A97026}.Debug|Any CPU.Build.0 = Debug|Any CPU
		{1A4CC45F-4EE9-44A5-98B8-BAF053A97026}.Release|Any CPU.ActiveCfg = Release|Any CPU
		{1A4CC45F-4EE9-44A5-98B8-BAF053A97026}.Release|Any CPU.Build.0 = Release|Any CPU
		{6B163B96-D41B-4217-BE3B-FBF2620BEFD0}.Debug|Any CPU.ActiveCfg = Debug|Any CPU
		{6B163B96-D41B-4217-BE3B-FBF2620BEFD0}.Debug|Any CPU.Build.0 = Debug|Any CPU
		{6B163B96-D41B-4217-BE3B-FBF2620BEFD0}.Release|Any CPU.ActiveCfg = Release|Any CPU
		{6B163B96-D41B-4217-BE3B-FBF2620BEFD0}.Release|Any CPU.Build.0 = Release|Any CPU
		{40BB9FBD-4AB4-4A9E-8FDD-79FA29104D9B}.Debug|Any CPU.ActiveCfg = Debug|Any CPU
		{40BB9FBD-4AB4-4A9E-8FDD-79FA29104D9B}.Debug|Any CPU.Build.0 = Debug|Any CPU
		{40BB9FBD-4AB4-4A9E-8FDD-79FA29104D9B}.Release|Any CPU.ActiveCfg = Release|Any CPU
		{40BB9FBD-4AB4-4A9E-8FDD-79FA29104D9B}.Release|Any CPU.Build.0 = Release|Any CPU
		{627B250C-17D2-4BE7-85A9-3A381E18818C}.Debug|Any CPU.ActiveCfg = Debug|Any CPU
		{627B250C-17D2-4BE7-85A9-3A381E18818C}.Debug|Any CPU.Build.0 = Debug|Any CPU
		{627B250C-17D2-4BE7-85A9-3A381E18818C}.Release|Any CPU.ActiveCfg = Release|Any CPU
		{627B250C-17D2-4BE7-85A9-3A381E18818C}.Release|Any CPU.Build.0 = Release|Any CPU
		{EE1D0855-4E76-468F-BB87-F8A45C061B09}.Debug|Any CPU.ActiveCfg = Debug|Any CPU
		{EE1D0855-4E76-468F-BB87-F8A45C061B09}.Debug|Any CPU.Build.0 = Debug|Any CPU
		{EE1D0855-4E76-468F-BB87-F8A45C061B09}.Release|Any CPU.ActiveCfg = Release|Any CPU
		{EE1D0855-4E76-468F-BB87-F8A45C061B09}.Release|Any CPU.Build.0 = Release|Any CPU
		{0D7BC58F-5C14-4C3E-9F82-970A639D8A97}.Debug|Any CPU.ActiveCfg = Debug|Any CPU
		{0D7BC58F-5C14-4C3E-9F82-970A639D8A97}.Debug|Any CPU.Build.0 = Debug|Any CPU
		{0D7BC58F-5C14-4C3E-9F82-970A639D8A97}.Release|Any CPU.ActiveCfg = Release|Any CPU
		{0D7BC58F-5C14-4C3E-9F82-970A639D8A97}.Release|Any CPU.Build.0 = Release|Any CPU
		{DC77360C-B4AE-4931-9A69-87054DBF9219}.Debug|Any CPU.ActiveCfg = Debug|Any CPU
		{DC77360C-B4AE-4931-9A69-87054DBF9219}.Debug|Any CPU.Build.0 = Debug|Any CPU
		{DC77360C-B4AE-4931-9A69-87054DBF9219}.Release|Any CPU.ActiveCfg = Release|Any CPU
		{DC77360C-B4AE-4931-9A69-87054DBF9219}.Release|Any CPU.Build.0 = Release|Any CPU
		{0D96E6CE-BAC8-4D66-8694-8AC37931156F}.Debug|Any CPU.ActiveCfg = Debug|Any CPU
		{0D96E6CE-BAC8-4D66-8694-8AC37931156F}.Debug|Any CPU.Build.0 = Debug|Any CPU
		{0D96E6CE-BAC8-4D66-8694-8AC37931156F}.Release|Any CPU.ActiveCfg = Release|Any CPU
		{0D96E6CE-BAC8-4D66-8694-8AC37931156F}.Release|Any CPU.Build.0 = Release|Any CPU
		{21CC1D24-794C-4BBF-8E8E-21BBA857968E}.Debug|Any CPU.ActiveCfg = Debug|Any CPU
		{21CC1D24-794C-4BBF-8E8E-21BBA857968E}.Debug|Any CPU.Build.0 = Debug|Any CPU
		{21CC1D24-794C-4BBF-8E8E-21BBA857968E}.Release|Any CPU.ActiveCfg = Release|Any CPU
		{21CC1D24-794C-4BBF-8E8E-21BBA857968E}.Release|Any CPU.Build.0 = Release|Any CPU
		{D53BDEC5-9385-4A93-AC69-560648AB217A}.Debug|Any CPU.ActiveCfg = Debug|Any CPU
		{D53BDEC5-9385-4A93-AC69-560648AB217A}.Debug|Any CPU.Build.0 = Debug|Any CPU
		{D53BDEC5-9385-4A93-AC69-560648AB217A}.Release|Any CPU.ActiveCfg = Release|Any CPU
		{D53BDEC5-9385-4A93-AC69-560648AB217A}.Release|Any CPU.Build.0 = Release|Any CPU
		{84CE62A4-0F0A-4C5B-BEA1-F62520F8FD20}.Debug|Any CPU.ActiveCfg = Debug|Any CPU
		{84CE62A4-0F0A-4C5B-BEA1-F62520F8FD20}.Debug|Any CPU.Build.0 = Debug|Any CPU
		{84CE62A4-0F0A-4C5B-BEA1-F62520F8FD20}.Release|Any CPU.ActiveCfg = Release|Any CPU
		{84CE62A4-0F0A-4C5B-BEA1-F62520F8FD20}.Release|Any CPU.Build.0 = Release|Any CPU
		{044A0CD0-F6CB-437E-A561-2FD46E34D7A7}.Debug|Any CPU.ActiveCfg = Debug|Any CPU
		{044A0CD0-F6CB-437E-A561-2FD46E34D7A7}.Debug|Any CPU.Build.0 = Debug|Any CPU
		{044A0CD0-F6CB-437E-A561-2FD46E34D7A7}.Release|Any CPU.ActiveCfg = Release|Any CPU
		{044A0CD0-F6CB-437E-A561-2FD46E34D7A7}.Release|Any CPU.Build.0 = Release|Any CPU
		{4D226E10-0027-486E-8231-AFC59B14BBDB}.Debug|Any CPU.ActiveCfg = Debug|Any CPU
		{4D226E10-0027-486E-8231-AFC59B14BBDB}.Debug|Any CPU.Build.0 = Debug|Any CPU
		{4D226E10-0027-486E-8231-AFC59B14BBDB}.Release|Any CPU.ActiveCfg = Release|Any CPU
		{4D226E10-0027-486E-8231-AFC59B14BBDB}.Release|Any CPU.Build.0 = Release|Any CPU
		{8D990B98-AD33-4BFC-BF27-DB4F697A1C4C}.Debug|Any CPU.ActiveCfg = Debug|Any CPU
		{8D990B98-AD33-4BFC-BF27-DB4F697A1C4C}.Debug|Any CPU.Build.0 = Debug|Any CPU
		{8D990B98-AD33-4BFC-BF27-DB4F697A1C4C}.Release|Any CPU.ActiveCfg = Release|Any CPU
		{8D990B98-AD33-4BFC-BF27-DB4F697A1C4C}.Release|Any CPU.Build.0 = Release|Any CPU
		{ED80B764-CE7F-4DD5-89BE-8898496940F4}.Debug|Any CPU.ActiveCfg = Debug|Any CPU
		{ED80B764-CE7F-4DD5-89BE-8898496940F4}.Debug|Any CPU.Build.0 = Debug|Any CPU
		{ED80B764-CE7F-4DD5-89BE-8898496940F4}.Release|Any CPU.ActiveCfg = Release|Any CPU
		{ED80B764-CE7F-4DD5-89BE-8898496940F4}.Release|Any CPU.Build.0 = Release|Any CPU
		{D2E2226F-4920-440D-83A6-F3DA4656B822}.Debug|Any CPU.ActiveCfg = Debug|Any CPU
		{D2E2226F-4920-440D-83A6-F3DA4656B822}.Debug|Any CPU.Build.0 = Debug|Any CPU
		{D2E2226F-4920-440D-83A6-F3DA4656B822}.Release|Any CPU.ActiveCfg = Release|Any CPU
		{D2E2226F-4920-440D-83A6-F3DA4656B822}.Release|Any CPU.Build.0 = Release|Any CPU
		{4DDC3B10-664F-4DF7-B849-D267FF05D594}.Debug|Any CPU.ActiveCfg = Debug|Any CPU
		{4DDC3B10-664F-4DF7-B849-D267FF05D594}.Debug|Any CPU.Build.0 = Debug|Any CPU
		{4DDC3B10-664F-4DF7-B849-D267FF05D594}.Release|Any CPU.ActiveCfg = Release|Any CPU
		{4DDC3B10-664F-4DF7-B849-D267FF05D594}.Release|Any CPU.Build.0 = Release|Any CPU
		{166BEAD9-A9F7-4E19-94C9-27133013A8E6}.Debug|Any CPU.ActiveCfg = Debug|Any CPU
		{166BEAD9-A9F7-4E19-94C9-27133013A8E6}.Debug|Any CPU.Build.0 = Debug|Any CPU
		{166BEAD9-A9F7-4E19-94C9-27133013A8E6}.Release|Any CPU.ActiveCfg = Release|Any CPU
		{166BEAD9-A9F7-4E19-94C9-27133013A8E6}.Release|Any CPU.Build.0 = Release|Any CPU
		{66753DF4-5A21-4815-90A7-8FB510959A4B}.Debug|Any CPU.ActiveCfg = Debug|Any CPU
		{66753DF4-5A21-4815-90A7-8FB510959A4B}.Debug|Any CPU.Build.0 = Debug|Any CPU
		{66753DF4-5A21-4815-90A7-8FB510959A4B}.Release|Any CPU.ActiveCfg = Release|Any CPU
		{66753DF4-5A21-4815-90A7-8FB510959A4B}.Release|Any CPU.Build.0 = Release|Any CPU
		{FB9C96D9-0170-4D73-90B7-640E401606BF}.Debug|Any CPU.ActiveCfg = Debug|Any CPU
		{FB9C96D9-0170-4D73-90B7-640E401606BF}.Debug|Any CPU.Build.0 = Debug|Any CPU
		{FB9C96D9-0170-4D73-90B7-640E401606BF}.Release|Any CPU.ActiveCfg = Release|Any CPU
		{FB9C96D9-0170-4D73-90B7-640E401606BF}.Release|Any CPU.Build.0 = Release|Any CPU
		{BCBCB96E-937F-4D05-AA18-B3F6B172C37E}.Debug|Any CPU.ActiveCfg = Debug|Any CPU
		{BCBCB96E-937F-4D05-AA18-B3F6B172C37E}.Debug|Any CPU.Build.0 = Debug|Any CPU
		{BCBCB96E-937F-4D05-AA18-B3F6B172C37E}.Release|Any CPU.ActiveCfg = Release|Any CPU
		{BCBCB96E-937F-4D05-AA18-B3F6B172C37E}.Release|Any CPU.Build.0 = Release|Any CPU
		{86761A21-0F68-4297-B9EF-17F8E4D4031A}.Debug|Any CPU.ActiveCfg = Debug|Any CPU
		{86761A21-0F68-4297-B9EF-17F8E4D4031A}.Debug|Any CPU.Build.0 = Debug|Any CPU
		{86761A21-0F68-4297-B9EF-17F8E4D4031A}.Release|Any CPU.ActiveCfg = Release|Any CPU
		{86761A21-0F68-4297-B9EF-17F8E4D4031A}.Release|Any CPU.Build.0 = Release|Any CPU
		{49BB1727-7018-4387-9F7E-A4B4D094F1B5}.Debug|Any CPU.ActiveCfg = Debug|Any CPU
		{49BB1727-7018-4387-9F7E-A4B4D094F1B5}.Debug|Any CPU.Build.0 = Debug|Any CPU
		{49BB1727-7018-4387-9F7E-A4B4D094F1B5}.Release|Any CPU.ActiveCfg = Release|Any CPU
		{49BB1727-7018-4387-9F7E-A4B4D094F1B5}.Release|Any CPU.Build.0 = Release|Any CPU
		{06B7E4C2-311C-4EEC-999F-1598F05B0C31}.Debug|Any CPU.ActiveCfg = Debug|Any CPU
		{06B7E4C2-311C-4EEC-999F-1598F05B0C31}.Debug|Any CPU.Build.0 = Debug|Any CPU
		{06B7E4C2-311C-4EEC-999F-1598F05B0C31}.Release|Any CPU.ActiveCfg = Release|Any CPU
		{06B7E4C2-311C-4EEC-999F-1598F05B0C31}.Release|Any CPU.Build.0 = Release|Any CPU
		{8082ECEC-6EFF-49A8-9E63-6FE9F4AC338F}.Debug|Any CPU.ActiveCfg = Debug|Any CPU
		{8082ECEC-6EFF-49A8-9E63-6FE9F4AC338F}.Debug|Any CPU.Build.0 = Debug|Any CPU
		{8082ECEC-6EFF-49A8-9E63-6FE9F4AC338F}.Release|Any CPU.ActiveCfg = Release|Any CPU
		{8082ECEC-6EFF-49A8-9E63-6FE9F4AC338F}.Release|Any CPU.Build.0 = Release|Any CPU
		{5003690C-24D7-43C3-B9BC-C498F4B131F9}.Debug|Any CPU.ActiveCfg = Debug|Any CPU
		{5003690C-24D7-43C3-B9BC-C498F4B131F9}.Debug|Any CPU.Build.0 = Debug|Any CPU
		{5003690C-24D7-43C3-B9BC-C498F4B131F9}.Release|Any CPU.ActiveCfg = Release|Any CPU
		{5003690C-24D7-43C3-B9BC-C498F4B131F9}.Release|Any CPU.Build.0 = Release|Any CPU
		{9531DA40-C9ED-4649-BB69-866F5BAB4835}.Debug|Any CPU.ActiveCfg = Debug|Any CPU
		{9531DA40-C9ED-4649-BB69-866F5BAB4835}.Debug|Any CPU.Build.0 = Debug|Any CPU
		{9531DA40-C9ED-4649-BB69-866F5BAB4835}.Release|Any CPU.ActiveCfg = Release|Any CPU
		{9531DA40-C9ED-4649-BB69-866F5BAB4835}.Release|Any CPU.Build.0 = Release|Any CPU
		{89262A26-45A1-4E07-AB6A-7DB4196D4BD6}.Debug|Any CPU.ActiveCfg = Debug|Any CPU
		{89262A26-45A1-4E07-AB6A-7DB4196D4BD6}.Debug|Any CPU.Build.0 = Debug|Any CPU
		{89262A26-45A1-4E07-AB6A-7DB4196D4BD6}.Release|Any CPU.ActiveCfg = Release|Any CPU
		{89262A26-45A1-4E07-AB6A-7DB4196D4BD6}.Release|Any CPU.Build.0 = Release|Any CPU
		{523F5DDE-BBFA-481E-9BBA-5EB0E5BCF0AE}.Debug|Any CPU.ActiveCfg = Debug|Any CPU
		{523F5DDE-BBFA-481E-9BBA-5EB0E5BCF0AE}.Debug|Any CPU.Build.0 = Debug|Any CPU
		{523F5DDE-BBFA-481E-9BBA-5EB0E5BCF0AE}.Release|Any CPU.ActiveCfg = Release|Any CPU
		{523F5DDE-BBFA-481E-9BBA-5EB0E5BCF0AE}.Release|Any CPU.Build.0 = Release|Any CPU
		{26F9C6E6-C74C-406A-9F44-29A2CA1CD32F}.Debug|Any CPU.ActiveCfg = Debug|Any CPU
		{26F9C6E6-C74C-406A-9F44-29A2CA1CD32F}.Debug|Any CPU.Build.0 = Debug|Any CPU
		{26F9C6E6-C74C-406A-9F44-29A2CA1CD32F}.Release|Any CPU.ActiveCfg = Release|Any CPU
		{26F9C6E6-C74C-406A-9F44-29A2CA1CD32F}.Release|Any CPU.Build.0 = Release|Any CPU
		{E39B9091-BC00-4F90-93D6-A5ED3DEE6B4B}.Debug|Any CPU.ActiveCfg = Debug|Any CPU
		{E39B9091-BC00-4F90-93D6-A5ED3DEE6B4B}.Debug|Any CPU.Build.0 = Debug|Any CPU
		{E39B9091-BC00-4F90-93D6-A5ED3DEE6B4B}.Release|Any CPU.ActiveCfg = Release|Any CPU
		{E39B9091-BC00-4F90-93D6-A5ED3DEE6B4B}.Release|Any CPU.Build.0 = Release|Any CPU
		{AC4988B0-98C3-45D3-AC80-3ABF08DE2949}.Debug|Any CPU.ActiveCfg = Debug|Any CPU
		{AC4988B0-98C3-45D3-AC80-3ABF08DE2949}.Debug|Any CPU.Build.0 = Debug|Any CPU
		{AC4988B0-98C3-45D3-AC80-3ABF08DE2949}.Release|Any CPU.ActiveCfg = Release|Any CPU
		{AC4988B0-98C3-45D3-AC80-3ABF08DE2949}.Release|Any CPU.Build.0 = Release|Any CPU
		{7E2BEDB6-AA14-471D-BC70-7E9D7258EFBF}.Debug|Any CPU.ActiveCfg = Debug|Any CPU
		{7E2BEDB6-AA14-471D-BC70-7E9D7258EFBF}.Debug|Any CPU.Build.0 = Debug|Any CPU
		{7E2BEDB6-AA14-471D-BC70-7E9D7258EFBF}.Release|Any CPU.ActiveCfg = Release|Any CPU
		{7E2BEDB6-AA14-471D-BC70-7E9D7258EFBF}.Release|Any CPU.Build.0 = Release|Any CPU
		{4CDCFE59-F19D-4025-AC79-B25EE8CABFB3}.Debug|Any CPU.ActiveCfg = Debug|Any CPU
		{4CDCFE59-F19D-4025-AC79-B25EE8CABFB3}.Debug|Any CPU.Build.0 = Debug|Any CPU
		{4CDCFE59-F19D-4025-AC79-B25EE8CABFB3}.Release|Any CPU.ActiveCfg = Release|Any CPU
		{4CDCFE59-F19D-4025-AC79-B25EE8CABFB3}.Release|Any CPU.Build.0 = Release|Any CPU
		{B8F474A6-7999-4BFB-84AB-7172748F53D8}.Debug|Any CPU.ActiveCfg = Debug|Any CPU
		{B8F474A6-7999-4BFB-84AB-7172748F53D8}.Debug|Any CPU.Build.0 = Debug|Any CPU
		{B8F474A6-7999-4BFB-84AB-7172748F53D8}.Release|Any CPU.ActiveCfg = Release|Any CPU
		{B8F474A6-7999-4BFB-84AB-7172748F53D8}.Release|Any CPU.Build.0 = Release|Any CPU
		{428987D8-508D-44CE-8DC7-BE4AFE70E1B4}.Debug|Any CPU.ActiveCfg = Debug|Any CPU
		{428987D8-508D-44CE-8DC7-BE4AFE70E1B4}.Debug|Any CPU.Build.0 = Debug|Any CPU
		{428987D8-508D-44CE-8DC7-BE4AFE70E1B4}.Release|Any CPU.ActiveCfg = Release|Any CPU
		{428987D8-508D-44CE-8DC7-BE4AFE70E1B4}.Release|Any CPU.Build.0 = Release|Any CPU
		{E75A4D55-EE42-42BC-8623-10762952F57C}.Debug|Any CPU.ActiveCfg = Debug|Any CPU
		{E75A4D55-EE42-42BC-8623-10762952F57C}.Debug|Any CPU.Build.0 = Debug|Any CPU
		{E75A4D55-EE42-42BC-8623-10762952F57C}.Release|Any CPU.ActiveCfg = Release|Any CPU
		{E75A4D55-EE42-42BC-8623-10762952F57C}.Release|Any CPU.Build.0 = Release|Any CPU
		{A4D04765-2900-422D-9C50-A8F2E6D7D152}.Debug|Any CPU.ActiveCfg = Debug|Any CPU
		{A4D04765-2900-422D-9C50-A8F2E6D7D152}.Debug|Any CPU.Build.0 = Debug|Any CPU
		{A4D04765-2900-422D-9C50-A8F2E6D7D152}.Release|Any CPU.ActiveCfg = Release|Any CPU
		{A4D04765-2900-422D-9C50-A8F2E6D7D152}.Release|Any CPU.Build.0 = Release|Any CPU
		{929593D2-42EF-4179-8B43-3B5F738EEEF3}.Debug|Any CPU.ActiveCfg = Debug|Any CPU
		{929593D2-42EF-4179-8B43-3B5F738EEEF3}.Debug|Any CPU.Build.0 = Debug|Any CPU
		{929593D2-42EF-4179-8B43-3B5F738EEEF3}.Release|Any CPU.ActiveCfg = Release|Any CPU
		{929593D2-42EF-4179-8B43-3B5F738EEEF3}.Release|Any CPU.Build.0 = Release|Any CPU
		{4FEE23ED-67CF-4CCE-86EE-3208F61460A2}.Debug|Any CPU.ActiveCfg = Debug|Any CPU
		{4FEE23ED-67CF-4CCE-86EE-3208F61460A2}.Debug|Any CPU.Build.0 = Debug|Any CPU
		{4FEE23ED-67CF-4CCE-86EE-3208F61460A2}.Release|Any CPU.ActiveCfg = Release|Any CPU
		{4FEE23ED-67CF-4CCE-86EE-3208F61460A2}.Release|Any CPU.Build.0 = Release|Any CPU
		{0ADF69B6-4357-4C16-A886-7B7FAB7848D6}.Debug|Any CPU.ActiveCfg = Debug|Any CPU
		{0ADF69B6-4357-4C16-A886-7B7FAB7848D6}.Debug|Any CPU.Build.0 = Debug|Any CPU
		{0ADF69B6-4357-4C16-A886-7B7FAB7848D6}.Release|Any CPU.ActiveCfg = Release|Any CPU
		{0ADF69B6-4357-4C16-A886-7B7FAB7848D6}.Release|Any CPU.Build.0 = Release|Any CPU
		{FEDC04D9-77ED-4297-A34A-567AC63CD501}.Debug|Any CPU.ActiveCfg = Debug|Any CPU
		{FEDC04D9-77ED-4297-A34A-567AC63CD501}.Debug|Any CPU.Build.0 = Debug|Any CPU
		{FEDC04D9-77ED-4297-A34A-567AC63CD501}.Release|Any CPU.ActiveCfg = Release|Any CPU
		{FEDC04D9-77ED-4297-A34A-567AC63CD501}.Release|Any CPU.Build.0 = Release|Any CPU
		{32F2AA67-E30F-4B8D-8ED8-FEAA4A73F77B}.Debug|Any CPU.ActiveCfg = Debug|Any CPU
		{32F2AA67-E30F-4B8D-8ED8-FEAA4A73F77B}.Debug|Any CPU.Build.0 = Debug|Any CPU
		{32F2AA67-E30F-4B8D-8ED8-FEAA4A73F77B}.Release|Any CPU.ActiveCfg = Release|Any CPU
		{32F2AA67-E30F-4B8D-8ED8-FEAA4A73F77B}.Release|Any CPU.Build.0 = Release|Any CPU
	EndGlobalSection
	GlobalSection(SolutionProperties) = preSolution
		HideSolutionNode = FALSE
	EndGlobalSection
	GlobalSection(ExtensibilityGlobals) = postSolution
		SolutionGuid = {035CB34D-77DB-4931-9F44-7653F5730118}
	EndGlobalSection
EndGlobal
